<?xml version="1.0" encoding="utf-8"?>
<Project ToolsVersion="4.0" xmlns="http://schemas.microsoft.com/developer/msbuild/2003">
  <ItemGroup>
    <Filter Include="hlsl">
      <UniqueIdentifier>{7ab1774b-9fb9-4afd-b2f7-1bb1b21f2226}</UniqueIdentifier>
    </Filter>
    <Filter Include="glslang">
      <UniqueIdentifier>{06fcc72b-777c-4ba8-ad00-7301e3213b7d}</UniqueIdentifier>
    </Filter>
    <Filter Include="glslang\GenericCodeGen">
      <UniqueIdentifier>{7679a2b0-b3ff-4aad-a431-3c3dda26509f}</UniqueIdentifier>
    </Filter>
    <Filter Include="glslang\Include">
      <UniqueIdentifier>{e2376cb4-4131-42ee-883b-3c87ebbc0509}</UniqueIdentifier>
    </Filter>
    <Filter Include="glslang\MachineIndependent">
      <UniqueIdentifier>{c9e543fd-dd67-49a0-a37e-ce118ae0d222}</UniqueIdentifier>
    </Filter>
    <Filter Include="glslang\Public">
      <UniqueIdentifier>{a37940cf-8ef1-419f-af3a-4bee6000fac6}</UniqueIdentifier>
    </Filter>
    <Filter Include="glslang\MachineIndependent\Preprocessor">
      <UniqueIdentifier>{981276b2-8bf2-4684-a4c0-c78265add134}</UniqueIdentifier>
    </Filter>
    <Filter Include="glslang-default-resource-limits">
      <UniqueIdentifier>{eb3fb59d-b596-4aa4-a702-f6eab5727480}</UniqueIdentifier>
    </Filter>
    <Filter Include="OGLCompiler">
      <UniqueIdentifier>{a5e31feb-b69e-47cb-9845-bf627d602150}</UniqueIdentifier>
    </Filter>
    <Filter Include="OGLDependent">
      <UniqueIdentifier>{70c267ce-248e-465f-985f-3889acec75d5}</UniqueIdentifier>
    </Filter>
    <Filter Include="SPIRV">
      <UniqueIdentifier>{86c4d36b-77db-474f-8543-976b74dec7d1}</UniqueIdentifier>
    </Filter>
    <Filter Include="SPVRemapper">
      <UniqueIdentifier>{603b48e3-095e-427b-a862-f4e81b84f2a0}</UniqueIdentifier>
    </Filter>
  </ItemGroup>
  <ItemGroup>
    <ClCompile Include="$(VK_SDK_PATH)\glslang\hlsl\hlslAttributes.cpp">
      <Filter>hlsl</Filter>
    </ClCompile>
    <ClCompile Include="$(VK_SDK_PATH)\glslang\hlsl\hlslGrammar.cpp">
      <Filter>hlsl</Filter>
    </ClCompile>
    <ClCompile Include="$(VK_SDK_PATH)\glslang\hlsl\hlslOpMap.cpp">
      <Filter>hlsl</Filter>
    </ClCompile>
    <ClCompile Include="$(VK_SDK_PATH)\glslang\hlsl\hlslParseables.cpp">
      <Filter>hlsl</Filter>
    </ClCompile>
    <ClCompile Include="$(VK_SDK_PATH)\glslang\hlsl\hlslParseHelper.cpp">
      <Filter>hlsl</Filter>
    </ClCompile>
    <ClCompile Include="$(VK_SDK_PATH)\glslang\hlsl\hlslScanContext.cpp">
      <Filter>hlsl</Filter>
    </ClCompile>
    <ClCompile Include="$(VK_SDK_PATH)\glslang\hlsl\hlslTokenStream.cpp">
      <Filter>hlsl</Filter>
    </ClCompile>
    <ClCompile Include="$(VK_SDK_PATH)\glslang\glslang\GenericCodeGen\CodeGen.cpp">
      <Filter>glslang\GenericCodeGen</Filter>
    </ClCompile>
    <ClCompile Include="$(VK_SDK_PATH)\glslang\glslang\GenericCodeGen\Link.cpp">
      <Filter>glslang\GenericCodeGen</Filter>
    </ClCompile>
    <ClCompile Include="$(VK_SDK_PATH)\glslang\glslang\MachineIndependent\attribute.cpp">
      <Filter>glslang\MachineIndependent</Filter>
    </ClCompile>
    <ClCompile Include="$(VK_SDK_PATH)\glslang\glslang\MachineIndependent\Constant.cpp">
      <Filter>glslang\MachineIndependent</Filter>
    </ClCompile>
    <ClCompile Include="$(VK_SDK_PATH)\glslang\glslang\MachineIndependent\glslang_tab.cpp">
      <Filter>glslang\MachineIndependent</Filter>
    </ClCompile>
    <ClCompile Include="$(VK_SDK_PATH)\glslang\glslang\MachineIndependent\InfoSink.cpp">
      <Filter>glslang\MachineIndependent</Filter>
    </ClCompile>
    <ClCompile Include="$(VK_SDK_PATH)\glslang\glslang\MachineIndependent\Initialize.cpp">
      <Filter>glslang\MachineIndependent</Filter>
    </ClCompile>
    <ClCompile Include="$(VK_SDK_PATH)\glslang\glslang\MachineIndependent\Intermediate.cpp">
      <Filter>glslang\MachineIndependent</Filter>
    </ClCompile>
    <ClCompile Include="$(VK_SDK_PATH)\glslang\glslang\MachineIndependent\intermOut.cpp">
      <Filter>glslang\MachineIndependent</Filter>
    </ClCompile>
    <ClCompile Include="$(VK_SDK_PATH)\glslang\glslang\MachineIndependent\IntermTraverse.cpp">
      <Filter>glslang\MachineIndependent</Filter>
    </ClCompile>
    <ClCompile Include="$(VK_SDK_PATH)\glslang\glslang\MachineIndependent\iomapper.cpp">
      <Filter>glslang\MachineIndependent</Filter>
    </ClCompile>
    <ClCompile Include="$(VK_SDK_PATH)\glslang\glslang\MachineIndependent\limits.cpp">
      <Filter>glslang\MachineIndependent</Filter>
    </ClCompile>
    <ClCompile Include="$(VK_SDK_PATH)\glslang\glslang\MachineIndependent\linkValidate.cpp">
      <Filter>glslang\MachineIndependent</Filter>
    </ClCompile>
    <ClCompile Include="$(VK_SDK_PATH)\glslang\glslang\MachineIndependent\parseConst.cpp">
      <Filter>glslang\MachineIndependent</Filter>
    </ClCompile>
    <ClCompile Include="$(VK_SDK_PATH)\glslang\glslang\MachineIndependent\ParseContextBase.cpp">
      <Filter>glslang\MachineIndependent</Filter>
    </ClCompile>
    <ClCompile Include="$(VK_SDK_PATH)\glslang\glslang\MachineIndependent\ParseHelper.cpp">
      <Filter>glslang\MachineIndependent</Filter>
    </ClCompile>
    <ClCompile Include="$(VK_SDK_PATH)\glslang\glslang\MachineIndependent\PoolAlloc.cpp">
      <Filter>glslang\MachineIndependent</Filter>
    </ClCompile>
    <ClCompile Include="$(VK_SDK_PATH)\glslang\glslang\MachineIndependent\propagateNoContraction.cpp">
      <Filter>glslang\MachineIndependent</Filter>
    </ClCompile>
    <ClCompile Include="$(VK_SDK_PATH)\glslang\glslang\MachineIndependent\reflection.cpp">
      <Filter>glslang\MachineIndependent</Filter>
    </ClCompile>
    <ClCompile Include="$(VK_SDK_PATH)\glslang\glslang\MachineIndependent\RemoveTree.cpp">
      <Filter>glslang\MachineIndependent</Filter>
    </ClCompile>
    <ClCompile Include="$(VK_SDK_PATH)\glslang\glslang\MachineIndependent\Scan.cpp">
      <Filter>glslang\MachineIndependent</Filter>
    </ClCompile>
    <ClCompile Include="$(VK_SDK_PATH)\glslang\glslang\MachineIndependent\ShaderLang.cpp">
      <Filter>glslang\MachineIndependent</Filter>
    </ClCompile>
    <ClCompile Include="$(VK_SDK_PATH)\glslang\glslang\MachineIndependent\SymbolTable.cpp">
      <Filter>glslang\MachineIndependent</Filter>
    </ClCompile>
    <ClCompile Include="$(VK_SDK_PATH)\glslang\glslang\MachineIndependent\Versions.cpp">
      <Filter>glslang\MachineIndependent</Filter>
    </ClCompile>
    <ClCompile Include="$(VK_SDK_PATH)\glslang\glslang\MachineIndependent\preprocessor\Pp.cpp">
      <Filter>glslang\MachineIndependent\Preprocessor</Filter>
    </ClCompile>
    <ClCompile Include="$(VK_SDK_PATH)\glslang\glslang\MachineIndependent\preprocessor\PpAtom.cpp">
      <Filter>glslang\MachineIndependent\Preprocessor</Filter>
    </ClCompile>
    <ClCompile Include="$(VK_SDK_PATH)\glslang\glslang\MachineIndependent\preprocessor\PpContext.cpp">
      <Filter>glslang\MachineIndependent\Preprocessor</Filter>
    </ClCompile>
    <ClCompile Include="$(VK_SDK_PATH)\glslang\glslang\MachineIndependent\preprocessor\PpScanner.cpp">
      <Filter>glslang\MachineIndependent\Preprocessor</Filter>
    </ClCompile>
    <ClCompile Include="$(VK_SDK_PATH)\glslang\glslang\MachineIndependent\preprocessor\PpTokens.cpp">
      <Filter>glslang\MachineIndependent\Preprocessor</Filter>
    </ClCompile>
    <ClCompile Include="$(VK_SDK_PATH)\glslang\StandAlone\ResourceLimits.cpp">
      <Filter>glslang-default-resource-limits</Filter>
    </ClCompile>
    <ClCompile Include="$(VK_SDK_PATH)\glslang\OGLCompilersDLL\InitializeDll.cpp">
      <Filter>OGLCompiler</Filter>
    </ClCompile>
    <ClCompile Include="$(VK_SDK_PATH)\glslang\glslang\OSDependent\Windows\ossource.cpp">
      <Filter>OGLDependent</Filter>
    </ClCompile>
    <ClCompile Include="$(VK_SDK_PATH)\glslang\SPIRV\disassemble.cpp">
      <Filter>SPIRV</Filter>
    </ClCompile>
    <ClCompile Include="$(VK_SDK_PATH)\glslang\SPIRV\GlslangToSpv.cpp">
      <Filter>SPIRV</Filter>
    </ClCompile>
    <ClCompile Include="$(VK_SDK_PATH)\glslang\SPIRV\InReadableOrder.cpp">
      <Filter>SPIRV</Filter>
    </ClCompile>
    <ClCompile Include="$(VK_SDK_PATH)\glslang\SPIRV\Logger.cpp">
      <Filter>SPIRV</Filter>
    </ClCompile>
    <ClCompile Include="$(VK_SDK_PATH)\glslang\SPIRV\SpvBuilder.cpp">
      <Filter>SPIRV</Filter>
    </ClCompile>
    <ClCompile Include="$(VK_SDK_PATH)\glslang\SPIRV\SPVRemapper.cpp">
      <Filter>SPVRemapper</Filter>
    </ClCompile>
    <ClCompile Include="$(VK_SDK_PATH)\glslang\SPIRV\doc.cpp">
      <Filter>SPVRemapper</Filter>
    </ClCompile>
  </ItemGroup>
  <ItemGroup>
    <ClInclude Include="$(VK_SDK_PATH)\glslang\hlsl\hlslAttributes.h">
      <Filter>hlsl</Filter>
    </ClInclude>
    <ClInclude Include="$(VK_SDK_PATH)\glslang\hlsl\hlslGrammar.h">
      <Filter>hlsl</Filter>
    </ClInclude>
    <ClInclude Include="$(VK_SDK_PATH)\glslang\hlsl\hlslOpMap.h">
      <Filter>hlsl</Filter>
    </ClInclude>
    <ClInclude Include="$(VK_SDK_PATH)\glslang\hlsl\hlslParseables.h">
      <Filter>hlsl</Filter>
    </ClInclude>
    <ClInclude Include="$(VK_SDK_PATH)\glslang\hlsl\hlslParseHelper.h">
      <Filter>hlsl</Filter>
    </ClInclude>
    <ClInclude Include="$(VK_SDK_PATH)\glslang\hlsl\hlslScanContext.h">
      <Filter>hlsl</Filter>
    </ClInclude>
    <ClInclude Include="$(VK_SDK_PATH)\glslang\hlsl\hlslTokens.h">
      <Filter>hlsl</Filter>
    </ClInclude>
    <ClInclude Include="$(VK_SDK_PATH)\glslang\hlsl\hlslTokenStream.h">
      <Filter>hlsl</Filter>
    </ClInclude>
    <ClInclude Include="$(VK_SDK_PATH)\glslang\glslang\Include\arrays.h">
      <Filter>glslang\Include</Filter>
    </ClInclude>
    <ClInclude Include="$(VK_SDK_PATH)\glslang\glslang\Include\BaseTypes.h">
      <Filter>glslang\Include</Filter>
    </ClInclude>
    <ClInclude Include="$(VK_SDK_PATH)\glslang\glslang\Include\Common.h">
      <Filter>glslang\Include</Filter>
    </ClInclude>
    <ClInclude Include="$(VK_SDK_PATH)\glslang\glslang\Include\ConstantUnion.h">
      <Filter>glslang\Include</Filter>
    </ClInclude>
    <ClInclude Include="$(VK_SDK_PATH)\glslang\glslang\Include\InfoSink.h">
      <Filter>glslang\Include</Filter>
    </ClInclude>
    <ClInclude Include="$(VK_SDK_PATH)\glslang\glslang\Include\InitializeGlobals.h">
      <Filter>glslang\Include</Filter>
    </ClInclude>
    <ClInclude Include="$(VK_SDK_PATH)\glslang\glslang\Include\intermediate.h">
      <Filter>glslang\Include</Filter>
    </ClInclude>
    <ClInclude Include="$(VK_SDK_PATH)\glslang\glslang\Include\PoolAlloc.h">
      <Filter>glslang\Include</Filter>
    </ClInclude>
    <ClInclude Include="$(VK_SDK_PATH)\glslang\glslang\Include\ResourceLimits.h">
      <Filter>glslang\Include</Filter>
    </ClInclude>
    <ClInclude Include="$(VK_SDK_PATH)\glslang\glslang\Include\revision.h">
      <Filter>glslang\Include</Filter>
    </ClInclude>
    <ClInclude Include="$(VK_SDK_PATH)\glslang\glslang\Include\ShHandle.h">
      <Filter>glslang\Include</Filter>
    </ClInclude>
    <ClInclude Include="$(VK_SDK_PATH)\glslang\glslang\Include\Types.h">
      <Filter>glslang\Include</Filter>
    </ClInclude>
    <ClInclude Include="$(VK_SDK_PATH)\glslang\glslang\MachineIndependent\attribute.h">
      <Filter>glslang\MachineIndependent</Filter>
    </ClInclude>
    <ClInclude Include="$(VK_SDK_PATH)\glslang\glslang\MachineIndependent\gl_types.h">
      <Filter>glslang\MachineIndependent</Filter>
    </ClInclude>
    <ClInclude Include="$(VK_SDK_PATH)\glslang\glslang\MachineIndependent\glslang_tab.cpp.h">
      <Filter>glslang\MachineIndependent</Filter>
    </ClInclude>
    <ClInclude Include="$(VK_SDK_PATH)\glslang\glslang\MachineIndependent\Initialize.h">
      <Filter>glslang\MachineIndependent</Filter>
    </ClInclude>
    <ClInclude Include="$(VK_SDK_PATH)\glslang\glslang\MachineIndependent\iomapper.h">
      <Filter>glslang\MachineIndependent</Filter>
    </ClInclude>
    <ClInclude Include="$(VK_SDK_PATH)\glslang\glslang\MachineIndependent\LiveTraverser.h">
      <Filter>glslang\MachineIndependent</Filter>
    </ClInclude>
    <ClInclude Include="$(VK_SDK_PATH)\glslang\glslang\MachineIndependent\localintermediate.h">
      <Filter>glslang\MachineIndependent</Filter>
    </ClInclude>
    <ClInclude Include="$(VK_SDK_PATH)\glslang\glslang\MachineIndependent\ParseHelper.h">
      <Filter>glslang\MachineIndependent</Filter>
    </ClInclude>
    <ClInclude Include="$(VK_SDK_PATH)\glslang\glslang\MachineIndependent\parseVersions.h">
      <Filter>glslang\MachineIndependent</Filter>
    </ClInclude>
    <ClInclude Include="$(VK_SDK_PATH)\glslang\glslang\MachineIndependent\propagateNoContraction.h">
      <Filter>glslang\MachineIndependent</Filter>
    </ClInclude>
    <ClInclude Include="$(VK_SDK_PATH)\glslang\glslang\MachineIndependent\reflection.h">
      <Filter>glslang\MachineIndependent</Filter>
    </ClInclude>
    <ClInclude Include="$(VK_SDK_PATH)\glslang\glslang\MachineIndependent\RemoveTree.h">
      <Filter>glslang\MachineIndependent</Filter>
    </ClInclude>
    <ClInclude Include="$(VK_SDK_PATH)\glslang\glslang\MachineIndependent\Scan.h">
      <Filter>glslang\MachineIndependent</Filter>
    </ClInclude>
    <ClInclude Include="$(VK_SDK_PATH)\glslang\glslang\MachineIndependent\ScanContext.h">
      <Filter>glslang\MachineIndependent</Filter>
    </ClInclude>
    <ClInclude Include="$(VK_SDK_PATH)\glslang\glslang\MachineIndependent\SymbolTable.h">
      <Filter>glslang\MachineIndependent</Filter>
    </ClInclude>
    <ClInclude Include="$(VK_SDK_PATH)\glslang\glslang\MachineIndependent\Versions.h">
      <Filter>glslang\MachineIndependent</Filter>
    </ClInclude>
    <ClInclude Include="$(VK_SDK_PATH)\glslang\glslang\Public\ShaderLang.h">
      <Filter>glslang\Public</Filter>
    </ClInclude>
    <ClInclude Include="$(VK_SDK_PATH)\glslang\glslang\MachineIndependent\preprocessor\PpContext.h">
      <Filter>glslang\MachineIndependent\Preprocessor</Filter>
    </ClInclude>
    <ClInclude Include="$(VK_SDK_PATH)\glslang\glslang\MachineIndependent\preprocessor\PpTokens.h">
      <Filter>glslang\MachineIndependent\Preprocessor</Filter>
    </ClInclude>
    <ClInclude Include="$(VK_SDK_PATH)\glslang\OGLCompilersDLL\InitializeDll.h">
      <Filter>OGLCompiler</Filter>
    </ClInclude>
    <ClInclude Include="$(VK_SDK_PATH)\glslang\glslang\OSDependent\osinclude.h">
      <Filter>OGLDependent</Filter>
    </ClInclude>
    <ClInclude Include="$(VK_SDK_PATH)\glslang\SPIRV\bitutils.h">
      <Filter>SPIRV</Filter>
    </ClInclude>
    <ClInclude Include="$(VK_SDK_PATH)\glslang\SPIRV\disassemble.h">
      <Filter>SPIRV</Filter>
    </ClInclude>
    <ClInclude Include="$(VK_SDK_PATH)\glslang\SPIRV\GLSL.ext.AMD.h">
      <Filter>SPIRV</Filter>
    </ClInclude>
    <ClInclude Include="$(VK_SDK_PATH)\glslang\SPIRV\GLSL.ext.EXT.h">
      <Filter>SPIRV</Filter>
    </ClInclude>
    <ClInclude Include="$(VK_SDK_PATH)\glslang\SPIRV\GLSL.ext.KHR.h">
      <Filter>SPIRV</Filter>
    </ClInclude>
    <ClInclude Include="$(VK_SDK_PATH)\glslang\SPIRV\GLSL.ext.NV.h">
      <Filter>SPIRV</Filter>
    </ClInclude>
    <ClInclude Include="$(VK_SDK_PATH)\glslang\SPIRV\GLSL.std.450.h">
      <Filter>SPIRV</Filter>
    </ClInclude>
    <ClInclude Include="$(VK_SDK_PATH)\glslang\SPIRV\GlslangToSpv.h">
      <Filter>SPIRV</Filter>
    </ClInclude>
    <ClInclude Include="$(VK_SDK_PATH)\glslang\SPIRV\hex_float.h">
      <Filter>SPIRV</Filter>
    </ClInclude>
    <ClInclude Include="$(VK_SDK_PATH)\glslang\SPIRV\Logger.h">
      <Filter>SPIRV</Filter>
    </ClInclude>
    <ClInclude Include="$(VK_SDK_PATH)\glslang\SPIRV\spirv.hpp">
      <Filter>SPIRV</Filter>
    </ClInclude>
    <ClInclude Include="$(VK_SDK_PATH)\glslang\SPIRV\SpvBuilder.h">
      <Filter>SPIRV</Filter>
    </ClInclude>
    <ClInclude Include="$(VK_SDK_PATH)\glslang\SPIRV\spvIR.h">
      <Filter>SPIRV</Filter>
    </ClInclude>
    <ClInclude Include="$(VK_SDK_PATH)\glslang\SPIRV\SPVRemapper.h">
      <Filter>SPVRemapper</Filter>
    </ClInclude>
    <ClInclude Include="$(VK_SDK_PATH)\glslang\SPIRV\doc.h">
      <Filter>SPVRemapper</Filter>
    </ClInclude>
  </ItemGroup>
</Project>