
Microsoft Visual Studio Solution File, Format Version 12.00
# Visual Studio 14
VisualStudioVersion = 14.0.25420.1
MinimumVisualStudioVersion = 10.0.40219.1
Project("{2150E333-8FDC-42A3-9474-1A3956D46DE8}") = "D3D11", "D3D11", "{CA6219F3-92E9-4844-B1A3-6F0D8A448533}"
EndProject
Project("{8BC9CEB8-8B4A-11D0-8D11-00A0C91BC942}") = "Box", "D3D11Basic\DemoBox\DemoBox.vcxproj", "{17400066-4A83-402A-B6E7-09FA1B5F16C1}"
EndProject
Project("{8BC9CEB8-8B4A-11D0-8D11-00A0C91BC942}") = "FXAA", "Nvidia\FXAA\FXAA.vcxproj", "{047D3BC1-C462-4097-A682-3CDD3D739EDC}"
EndProject
Project("{8BC9CEB8-8B4A-11D0-8D11-00A0C91BC942}") = "Lighting", "D3D11Basic\DemoLighting\DemoLighting.vcxproj", "{55F8C74A-7E13-4378-97B8-8E1559999170}"
EndProject
Project("{2150E333-8FDC-42A3-9474-1A3956D46DE8}") = "ThirdParty", "ThirdParty", "{FFB1CED9-3BC1-4745-B7F3-D7E2D402C9CD}"
EndProject
Project("{8BC9CEB8-8B4A-11D0-8D11-00A0C91BC942}") = "DirectXTK_Desktop_2015", "ThirdParty\DirectXTK\DirectXTK_Desktop_2015.vcxproj", "{E0B52AE7-E160-4D32-BF3F-910B785E5A8E}"
EndProject
Project("{2150E333-8FDC-42A3-9474-1A3956D46DE8}") = "Shaders", "Shaders", "{E9CA6D5D-2A65-4B6F-886A-5CB009BAB060}"
	ProjectSection(SolutionItems) = preProject
		Application\Resource\Shaders\AdaptiveTessellation.hlsl = Application\Resource\Shaders\AdaptiveTessellation.hlsl
		Application\Resource\Shaders\Box.hlsl = Application\Resource\Shaders\Box.hlsl
		Application\Resource\Shaders\BoxTexture.hlsl = Application\Resource\Shaders\BoxTexture.hlsl
		Application\Resource\Shaders\CommonLighting.hlsli = Application\Resource\Shaders\CommonLighting.hlsli
		Application\Resource\Shaders\Cubemap.hlsl = Application\Resource\Shaders\Cubemap.hlsl
		Application\Resource\Shaders\DisplacementMap.hlsl = Application\Resource\Shaders\DisplacementMap.hlsl
		Application\Resource\Shaders\Fxaa.hlsl = Application\Resource\Shaders\Fxaa.hlsl
		Application\Resource\Shaders\imGUI.hlsl = Application\Resource\Shaders\imGUI.hlsl
		Application\Resource\Shaders\Lamp.hlsl = Application\Resource\Shaders\Lamp.hlsl
		Application\Resource\Shaders\Lighting.hlsl = Application\Resource\Shaders\Lighting.hlsl
		Application\Resource\Shaders\LightingBasic.hlsl = Application\Resource\Shaders\LightingBasic.hlsl
		Application\Resource\Shaders\Mapping.hlsl = Application\Resource\Shaders\Mapping.hlsl
		Application\Resource\Shaders\MeshNormal.hlsl = Application\Resource\Shaders\MeshNormal.hlsl
		Application\Resource\Shaders\ParticleFire.hlsl = Application\Resource\Shaders\ParticleFire.hlsl
		Application\Resource\Shaders\ParticleRain.hlsl = Application\Resource\Shaders\ParticleRain.hlsl
		Application\Resource\Shaders\Quad.hlsl = Application\Resource\Shaders\Quad.hlsl
		Application\Resource\Shaders\Scanner.hlsl = Application\Resource\Shaders\Scanner.hlsl
		Application\Resource\Shaders\ShadowMap.hlsl = Application\Resource\Shaders\ShadowMap.hlsl
		Application\Resource\Shaders\SkyBox.hlsl = Application\Resource\Shaders\SkyBox.hlsl
		Application\Resource\Shaders\SkyDome.hlsl = Application\Resource\Shaders\SkyDome.hlsl
		Application\Resource\Shaders\Stenciling.hlsl = Application\Resource\Shaders\Stenciling.hlsl
		Application\Resource\Shaders\Tessellator_Common.hlsli = Application\Resource\Shaders\Tessellator_Common.hlsli
		Application\Resource\Shaders\Tessellator_EdgeFactor.hlsl = Application\Resource\Shaders\Tessellator_EdgeFactor.hlsl
		Application\Resource\Shaders\Tessellator_NumVI.hlsl = Application\Resource\Shaders\Tessellator_NumVI.hlsl
		Application\Resource\Shaders\Tessellator_ScatterID.hlsl = Application\Resource\Shaders\Tessellator_ScatterID.hlsl
		Application\Resource\Shaders\Tessellator_TessIndex.hlsl = Application\Resource\Shaders\Tessellator_TessIndex.hlsl
		Application\Resource\Shaders\Tessellator_TessVertex.hlsl = Application\Resource\Shaders\Tessellator_TessVertex.hlsl
	EndProjectSection
EndProject
Project("{8BC9CEB8-8B4A-11D0-8D11-00A0C91BC942}") = "Stenciling", "D3D11Basic\DemoStenciling\DemoStenciling.vcxproj", "{CCEF649D-0663-4907-B0C8-C2A5DDE0BDA9}"
EndProject
Project("{8BC9CEB8-8B4A-11D0-8D11-00A0C91BC942}") = "Cubemap", "D3D11Basic\DemoDynamicCubemap\DemoDynamicCubemap.vcxproj", "{049657F8-89F4-46CE-BD73-CEF7D9C9C98F}"
EndProject
Project("{8BC9CEB8-8B4A-11D0-8D11-00A0C91BC942}") = "Mapping", "D3D11Basic\DemoMapping\DemoMapping.vcxproj", "{DADBC7B4-91BA-45AD-9C16-39883EFB2B75}"
EndProject
Project("{8BC9CEB8-8B4A-11D0-8D11-00A0C91BC942}") = "imGUI", "ThirdParty\GUI\imGUI.vcxproj", "{DC209B60-DE63-473C-B591-509783CF2FD6}"
EndProject
Project("{8BC9CEB8-8B4A-11D0-8D11-00A0C91BC942}") = "AntTweakBar", "ThirdParty\GUI\AntTweakBar.vcxproj", "{F976D24A-4EBA-42DC-B804-87AE6A09E0EE}"
EndProject
Project("{8BC9CEB8-8B4A-11D0-8D11-00A0C91BC942}") = "DisplacementMap", "D3D11Basic\DemoDisplacementMap\DemoDisplacementMap.vcxproj", "{63E3C673-D1A4-4C5B-A307-0FCE18E6B781}"
EndProject
Project("{8BC9CEB8-8B4A-11D0-8D11-00A0C91BC942}") = "D3DGraphic", "D3D11Basic\D3DCommon\D3DCommon.vcxproj", "{6AC5E4D4-A7CE-4A12-AD70-C3591652DE8E}"
EndProject
Project("{8BC9CEB8-8B4A-11D0-8D11-00A0C91BC942}") = "AdaptiveTessellation", "D3D11Basic\DemoAdaptiveTessellation\DemoAdaptiveTessellation.vcxproj", "{41EC5845-1693-4FD4-9236-715CD1A5F805}"
EndProject
Project("{8BC9CEB8-8B4A-11D0-8D11-00A0C91BC942}") = "Utility", "Utility\Utility.vcxproj", "{EAB653A1-BDBE-491E-92A1-8BB9276B6275}"
EndProject
Project("{2150E333-8FDC-42A3-9474-1A3956D46DE8}") = "App_Nvidia", "App_Nvidia", "{97C76228-9E58-4085-8F5E-C9A1BD939BDC}"
EndProject
Project("{2150E333-8FDC-42A3-9474-1A3956D46DE8}") = "App", "App", "{7715569A-AEE2-41E3-948F-C91D42E70933}"
EndProject
Project("{8BC9CEB8-8B4A-11D0-8D11-00A0C91BC942}") = "ParticleSystem", "D3D11Basic\ParticleSystem\ParticleSystem.vcxproj", "{B17FF1BE-AAF4-4EB2-83D0-95A1E03A1361}"
EndProject
Project("{8BC9CEB8-8B4A-11D0-8D11-00A0C91BC942}") = "OceanFFT", "Nvidia\OceanFFT\OceanFFT.vcxproj", "{E873CAAC-FFFD-4D1D-A2B5-3E62A8BA81D4}"
EndProject
Project("{2150E333-8FDC-42A3-9474-1A3956D46DE8}") = "WIP", "WIP", "{DA5CED55-2BF6-40D7-9A3B-AD6DC0FC6D5A}"
EndProject
Project("{8BC9CEB8-8B4A-11D0-8D11-00A0C91BC942}") = "LightingBasic", "D3D11Basic\LightingBasic\LightingBasic.vcxproj", "{D4351FD3-7B4B-472A-A1E2-E91EE04169F5}"
EndProject
Global
	GlobalSection(SolutionConfigurationPlatforms) = preSolution
		Debug|x64 = Debug|x64
		Debug|x86 = Debug|x86
		Release|x64 = Release|x64
		Release|x86 = Release|x86
	EndGlobalSection
	GlobalSection(ProjectConfigurationPlatforms) = postSolution
		{17400066-4A83-402A-B6E7-09FA1B5F16C1}.Debug|x64.ActiveCfg = Debug|x64
		{17400066-4A83-402A-B6E7-09FA1B5F16C1}.Debug|x64.Build.0 = Debug|x64
		{17400066-4A83-402A-B6E7-09FA1B5F16C1}.Debug|x86.ActiveCfg = Debug|Win32
		{17400066-4A83-402A-B6E7-09FA1B5F16C1}.Debug|x86.Build.0 = Debug|Win32
		{17400066-4A83-402A-B6E7-09FA1B5F16C1}.Release|x64.ActiveCfg = Release|x64
		{17400066-4A83-402A-B6E7-09FA1B5F16C1}.Release|x64.Build.0 = Release|x64
		{17400066-4A83-402A-B6E7-09FA1B5F16C1}.Release|x86.ActiveCfg = Release|Win32
		{17400066-4A83-402A-B6E7-09FA1B5F16C1}.Release|x86.Build.0 = Release|Win32
		{047D3BC1-C462-4097-A682-3CDD3D739EDC}.Debug|x64.ActiveCfg = Debug|x64
		{047D3BC1-C462-4097-A682-3CDD3D739EDC}.Debug|x64.Build.0 = Debug|x64
		{047D3BC1-C462-4097-A682-3CDD3D739EDC}.Debug|x86.ActiveCfg = Debug|Win32
		{047D3BC1-C462-4097-A682-3CDD3D739EDC}.Debug|x86.Build.0 = Debug|Win32
		{047D3BC1-C462-4097-A682-3CDD3D739EDC}.Release|x64.ActiveCfg = Release|x64
		{047D3BC1-C462-4097-A682-3CDD3D739EDC}.Release|x64.Build.0 = Release|x64
		{047D3BC1-C462-4097-A682-3CDD3D739EDC}.Release|x86.ActiveCfg = Release|Win32
		{047D3BC1-C462-4097-A682-3CDD3D739EDC}.Release|x86.Build.0 = Release|Win32
		{55F8C74A-7E13-4378-97B8-8E1559999170}.Debug|x64.ActiveCfg = Debug|x64
		{55F8C74A-7E13-4378-97B8-8E1559999170}.Debug|x64.Build.0 = Debug|x64
		{55F8C74A-7E13-4378-97B8-8E1559999170}.Debug|x86.ActiveCfg = Debug|Win32
		{55F8C74A-7E13-4378-97B8-8E1559999170}.Debug|x86.Build.0 = Debug|Win32
		{55F8C74A-7E13-4378-97B8-8E1559999170}.Release|x64.ActiveCfg = Release|x64
		{55F8C74A-7E13-4378-97B8-8E1559999170}.Release|x64.Build.0 = Release|x64
		{55F8C74A-7E13-4378-97B8-8E1559999170}.Release|x86.ActiveCfg = Release|Win32
		{55F8C74A-7E13-4378-97B8-8E1559999170}.Release|x86.Build.0 = Release|Win32
		{E0B52AE7-E160-4D32-BF3F-910B785E5A8E}.Debug|x64.ActiveCfg = Debug|x64
		{E0B52AE7-E160-4D32-BF3F-910B785E5A8E}.Debug|x64.Build.0 = Debug|x64
		{E0B52AE7-E160-4D32-BF3F-910B785E5A8E}.Debug|x86.ActiveCfg = Debug|Win32
		{E0B52AE7-E160-4D32-BF3F-910B785E5A8E}.Debug|x86.Build.0 = Debug|Win32
		{E0B52AE7-E160-4D32-BF3F-910B785E5A8E}.Release|x64.ActiveCfg = Release|x64
		{E0B52AE7-E160-4D32-BF3F-910B785E5A8E}.Release|x64.Build.0 = Release|x64
		{E0B52AE7-E160-4D32-BF3F-910B785E5A8E}.Release|x86.ActiveCfg = Release|Win32
		{E0B52AE7-E160-4D32-BF3F-910B785E5A8E}.Release|x86.Build.0 = Release|Win32
		{CCEF649D-0663-4907-B0C8-C2A5DDE0BDA9}.Debug|x64.ActiveCfg = Debug|x64
		{CCEF649D-0663-4907-B0C8-C2A5DDE0BDA9}.Debug|x64.Build.0 = Debug|x64
		{CCEF649D-0663-4907-B0C8-C2A5DDE0BDA9}.Debug|x86.ActiveCfg = Debug|Win32
		{CCEF649D-0663-4907-B0C8-C2A5DDE0BDA9}.Debug|x86.Build.0 = Debug|Win32
		{CCEF649D-0663-4907-B0C8-C2A5DDE0BDA9}.Release|x64.ActiveCfg = Release|x64
		{CCEF649D-0663-4907-B0C8-C2A5DDE0BDA9}.Release|x64.Build.0 = Release|x64
		{CCEF649D-0663-4907-B0C8-C2A5DDE0BDA9}.Release|x86.ActiveCfg = Release|Win32
		{CCEF649D-0663-4907-B0C8-C2A5DDE0BDA9}.Release|x86.Build.0 = Release|Win32
		{049657F8-89F4-46CE-BD73-CEF7D9C9C98F}.Debug|x64.ActiveCfg = Debug|x64
		{049657F8-89F4-46CE-BD73-CEF7D9C9C98F}.Debug|x64.Build.0 = Debug|x64
		{049657F8-89F4-46CE-BD73-CEF7D9C9C98F}.Debug|x86.ActiveCfg = Debug|Win32
		{049657F8-89F4-46CE-BD73-CEF7D9C9C98F}.Debug|x86.Build.0 = Debug|Win32
		{049657F8-89F4-46CE-BD73-CEF7D9C9C98F}.Release|x64.ActiveCfg = Release|x64
		{049657F8-89F4-46CE-BD73-CEF7D9C9C98F}.Release|x64.Build.0 = Release|x64
		{049657F8-89F4-46CE-BD73-CEF7D9C9C98F}.Release|x86.ActiveCfg = Release|Win32
		{049657F8-89F4-46CE-BD73-CEF7D9C9C98F}.Release|x86.Build.0 = Release|Win32
		{DADBC7B4-91BA-45AD-9C16-39883EFB2B75}.Debug|x64.ActiveCfg = Debug|x64
		{DADBC7B4-91BA-45AD-9C16-39883EFB2B75}.Debug|x64.Build.0 = Debug|x64
		{DADBC7B4-91BA-45AD-9C16-39883EFB2B75}.Debug|x86.ActiveCfg = Debug|Win32
		{DADBC7B4-91BA-45AD-9C16-39883EFB2B75}.Debug|x86.Build.0 = Debug|Win32
		{DADBC7B4-91BA-45AD-9C16-39883EFB2B75}.Release|x64.ActiveCfg = Release|x64
		{DADBC7B4-91BA-45AD-9C16-39883EFB2B75}.Release|x64.Build.0 = Release|x64
		{DADBC7B4-91BA-45AD-9C16-39883EFB2B75}.Release|x86.ActiveCfg = Release|Win32
		{DADBC7B4-91BA-45AD-9C16-39883EFB2B75}.Release|x86.Build.0 = Release|Win32
		{DC209B60-DE63-473C-B591-509783CF2FD6}.Debug|x64.ActiveCfg = Debug|x64
		{DC209B60-DE63-473C-B591-509783CF2FD6}.Debug|x64.Build.0 = Debug|x64
		{DC209B60-DE63-473C-B591-509783CF2FD6}.Debug|x86.ActiveCfg = Debug|Win32
		{DC209B60-DE63-473C-B591-509783CF2FD6}.Debug|x86.Build.0 = Debug|Win32
		{DC209B60-DE63-473C-B591-509783CF2FD6}.Release|x64.ActiveCfg = Release|x64
		{DC209B60-DE63-473C-B591-509783CF2FD6}.Release|x64.Build.0 = Release|x64
		{DC209B60-DE63-473C-B591-509783CF2FD6}.Release|x86.ActiveCfg = Release|Win32
		{DC209B60-DE63-473C-B591-509783CF2FD6}.Release|x86.Build.0 = Release|Win32
		{F976D24A-4EBA-42DC-B804-87AE6A09E0EE}.Debug|x64.ActiveCfg = Debug|x64
		{F976D24A-4EBA-42DC-B804-87AE6A09E0EE}.Debug|x64.Build.0 = Debug|x64
		{F976D24A-4EBA-42DC-B804-87AE6A09E0EE}.Debug|x86.ActiveCfg = Debug|Win32
		{F976D24A-4EBA-42DC-B804-87AE6A09E0EE}.Debug|x86.Build.0 = Debug|Win32
		{F976D24A-4EBA-42DC-B804-87AE6A09E0EE}.Release|x64.ActiveCfg = Release|x64
		{F976D24A-4EBA-42DC-B804-87AE6A09E0EE}.Release|x64.Build.0 = Release|x64
		{F976D24A-4EBA-42DC-B804-87AE6A09E0EE}.Release|x86.ActiveCfg = Release|Win32
		{F976D24A-4EBA-42DC-B804-87AE6A09E0EE}.Release|x86.Build.0 = Release|Win32
		{63E3C673-D1A4-4C5B-A307-0FCE18E6B781}.Debug|x64.ActiveCfg = Debug|x64
		{63E3C673-D1A4-4C5B-A307-0FCE18E6B781}.Debug|x64.Build.0 = Debug|x64
		{63E3C673-D1A4-4C5B-A307-0FCE18E6B781}.Debug|x86.ActiveCfg = Debug|Win32
		{63E3C673-D1A4-4C5B-A307-0FCE18E6B781}.Debug|x86.Build.0 = Debug|Win32
		{63E3C673-D1A4-4C5B-A307-0FCE18E6B781}.Release|x64.ActiveCfg = Release|x64
		{63E3C673-D1A4-4C5B-A307-0FCE18E6B781}.Release|x64.Build.0 = Release|x64
		{63E3C673-D1A4-4C5B-A307-0FCE18E6B781}.Release|x86.ActiveCfg = Release|Win32
		{63E3C673-D1A4-4C5B-A307-0FCE18E6B781}.Release|x86.Build.0 = Release|Win32
		{6AC5E4D4-A7CE-4A12-AD70-C3591652DE8E}.Debug|x64.ActiveCfg = Debug|x64
		{6AC5E4D4-A7CE-4A12-AD70-C3591652DE8E}.Debug|x64.Build.0 = Debug|x64
		{6AC5E4D4-A7CE-4A12-AD70-C3591652DE8E}.Debug|x86.ActiveCfg = Debug|Win32
		{6AC5E4D4-A7CE-4A12-AD70-C3591652DE8E}.Debug|x86.Build.0 = Debug|Win32
		{6AC5E4D4-A7CE-4A12-AD70-C3591652DE8E}.Release|x64.ActiveCfg = Release|x64
		{6AC5E4D4-A7CE-4A12-AD70-C3591652DE8E}.Release|x64.Build.0 = Release|x64
		{6AC5E4D4-A7CE-4A12-AD70-C3591652DE8E}.Release|x86.ActiveCfg = Release|Win32
		{6AC5E4D4-A7CE-4A12-AD70-C3591652DE8E}.Release|x86.Build.0 = Release|Win32
		{41EC5845-1693-4FD4-9236-715CD1A5F805}.Debug|x64.ActiveCfg = Debug|x64
		{41EC5845-1693-4FD4-9236-715CD1A5F805}.Debug|x64.Build.0 = Debug|x64
		{41EC5845-1693-4FD4-9236-715CD1A5F805}.Debug|x86.ActiveCfg = Debug|Win32
		{41EC5845-1693-4FD4-9236-715CD1A5F805}.Debug|x86.Build.0 = Debug|Win32
		{41EC5845-1693-4FD4-9236-715CD1A5F805}.Release|x64.ActiveCfg = Release|x64
		{41EC5845-1693-4FD4-9236-715CD1A5F805}.Release|x64.Build.0 = Release|x64
		{41EC5845-1693-4FD4-9236-715CD1A5F805}.Release|x86.ActiveCfg = Release|Win32
		{41EC5845-1693-4FD4-9236-715CD1A5F805}.Release|x86.Build.0 = Release|Win32
		{EAB653A1-BDBE-491E-92A1-8BB9276B6275}.Debug|x64.ActiveCfg = Debug|x64
		{EAB653A1-BDBE-491E-92A1-8BB9276B6275}.Debug|x64.Build.0 = Debug|x64
		{EAB653A1-BDBE-491E-92A1-8BB9276B6275}.Debug|x86.ActiveCfg = Debug|Win32
		{EAB653A1-BDBE-491E-92A1-8BB9276B6275}.Debug|x86.Build.0 = Debug|Win32
		{EAB653A1-BDBE-491E-92A1-8BB9276B6275}.Release|x64.ActiveCfg = Release|x64
		{EAB653A1-BDBE-491E-92A1-8BB9276B6275}.Release|x64.Build.0 = Release|x64
		{EAB653A1-BDBE-491E-92A1-8BB9276B6275}.Release|x86.ActiveCfg = Release|Win32
		{EAB653A1-BDBE-491E-92A1-8BB9276B6275}.Release|x86.Build.0 = Release|Win32
		{B17FF1BE-AAF4-4EB2-83D0-95A1E03A1361}.Debug|x64.ActiveCfg = Debug|x64
		{B17FF1BE-AAF4-4EB2-83D0-95A1E03A1361}.Debug|x64.Build.0 = Debug|x64
		{B17FF1BE-AAF4-4EB2-83D0-95A1E03A1361}.Debug|x86.ActiveCfg = Debug|Win32
		{B17FF1BE-AAF4-4EB2-83D0-95A1E03A1361}.Debug|x86.Build.0 = Debug|Win32
		{B17FF1BE-AAF4-4EB2-83D0-95A1E03A1361}.Release|x64.ActiveCfg = Release|x64
		{B17FF1BE-AAF4-4EB2-83D0-95A1E03A1361}.Release|x64.Build.0 = Release|x64
		{B17FF1BE-AAF4-4EB2-83D0-95A1E03A1361}.Release|x86.ActiveCfg = Release|Win32
		{B17FF1BE-AAF4-4EB2-83D0-95A1E03A1361}.Release|x86.Build.0 = Release|Win32
		{E873CAAC-FFFD-4D1D-A2B5-3E62A8BA81D4}.Debug|x64.ActiveCfg = Debug|x64
		{E873CAAC-FFFD-4D1D-A2B5-3E62A8BA81D4}.Debug|x64.Build.0 = Debug|x64
		{E873CAAC-FFFD-4D1D-A2B5-3E62A8BA81D4}.Debug|x86.ActiveCfg = Debug|Win32
		{E873CAAC-FFFD-4D1D-A2B5-3E62A8BA81D4}.Debug|x86.Build.0 = Debug|Win32
		{E873CAAC-FFFD-4D1D-A2B5-3E62A8BA81D4}.Release|x64.ActiveCfg = Release|x64
		{E873CAAC-FFFD-4D1D-A2B5-3E62A8BA81D4}.Release|x64.Build.0 = Release|x64
		{E873CAAC-FFFD-4D1D-A2B5-3E62A8BA81D4}.Release|x86.ActiveCfg = Release|Win32
		{E873CAAC-FFFD-4D1D-A2B5-3E62A8BA81D4}.Release|x86.Build.0 = Release|Win32
		{D4351FD3-7B4B-472A-A1E2-E91EE04169F5}.Debug|x64.ActiveCfg = Debug|x64
		{D4351FD3-7B4B-472A-A1E2-E91EE04169F5}.Debug|x64.Build.0 = Debug|x64
		{D4351FD3-7B4B-472A-A1E2-E91EE04169F5}.Debug|x86.ActiveCfg = Debug|Win32
		{D4351FD3-7B4B-472A-A1E2-E91EE04169F5}.Debug|x86.Build.0 = Debug|Win32
		{D4351FD3-7B4B-472A-A1E2-E91EE04169F5}.Release|x64.ActiveCfg = Release|x64
		{D4351FD3-7B4B-472A-A1E2-E91EE04169F5}.Release|x64.Build.0 = Release|x64
		{D4351FD3-7B4B-472A-A1E2-E91EE04169F5}.Release|x86.ActiveCfg = Release|Win32
		{D4351FD3-7B4B-472A-A1E2-E91EE04169F5}.Release|x86.Build.0 = Release|Win32
	EndGlobalSection
	GlobalSection(SolutionProperties) = preSolution
		HideSolutionNode = FALSE
	EndGlobalSection
	GlobalSection(NestedProjects) = preSolution
		{17400066-4A83-402A-B6E7-09FA1B5F16C1} = {7715569A-AEE2-41E3-948F-C91D42E70933}
		{047D3BC1-C462-4097-A682-3CDD3D739EDC} = {DA5CED55-2BF6-40D7-9A3B-AD6DC0FC6D5A}
		{55F8C74A-7E13-4378-97B8-8E1559999170} = {7715569A-AEE2-41E3-948F-C91D42E70933}
		{E0B52AE7-E160-4D32-BF3F-910B785E5A8E} = {FFB1CED9-3BC1-4745-B7F3-D7E2D402C9CD}
		{CCEF649D-0663-4907-B0C8-C2A5DDE0BDA9} = {7715569A-AEE2-41E3-948F-C91D42E70933}
		{049657F8-89F4-46CE-BD73-CEF7D9C9C98F} = {7715569A-AEE2-41E3-948F-C91D42E70933}
		{DADBC7B4-91BA-45AD-9C16-39883EFB2B75} = {7715569A-AEE2-41E3-948F-C91D42E70933}
		{DC209B60-DE63-473C-B591-509783CF2FD6} = {FFB1CED9-3BC1-4745-B7F3-D7E2D402C9CD}
		{F976D24A-4EBA-42DC-B804-87AE6A09E0EE} = {FFB1CED9-3BC1-4745-B7F3-D7E2D402C9CD}
		{63E3C673-D1A4-4C5B-A307-0FCE18E6B781} = {7715569A-AEE2-41E3-948F-C91D42E70933}
		{6AC5E4D4-A7CE-4A12-AD70-C3591652DE8E} = {CA6219F3-92E9-4844-B1A3-6F0D8A448533}
		{41EC5845-1693-4FD4-9236-715CD1A5F805} = {DA5CED55-2BF6-40D7-9A3B-AD6DC0FC6D5A}
		{EAB653A1-BDBE-491E-92A1-8BB9276B6275} = {CA6219F3-92E9-4844-B1A3-6F0D8A448533}
		{B17FF1BE-AAF4-4EB2-83D0-95A1E03A1361} = {DA5CED55-2BF6-40D7-9A3B-AD6DC0FC6D5A}
		{E873CAAC-FFFD-4D1D-A2B5-3E62A8BA81D4} = {DA5CED55-2BF6-40D7-9A3B-AD6DC0FC6D5A}
		{D4351FD3-7B4B-472A-A1E2-E91EE04169F5} = {DA5CED55-2BF6-40D7-9A3B-AD6DC0FC6D5A}
	EndGlobalSection
EndGlobal
