Microsoft Visual Studio Solution File, Format Version 12.00
# Visual Studio 14
VisualStudioVersion = 14.0.25420.1
MinimumVisualStudioVersion = 10.0.40219.1
Project("{8BC9CEB8-8B4A-11D0-8D11-00A0C91BC942}") = "RBDoom3BFG", "Miscellaneous\RBDoom3BFG\RBDoom3BFG.vcxproj", "{75FB4DD3-0135-340D-8EF5-81F77B6FF2FE}"
EndProject
Project("{8BC9CEB8-8B4A-11D0-8D11-00A0C91BC942}") = "idlib", "Miscellaneous\RBDoom3BFG\idlib.vcxproj", "{8D89EA78-89C1-3255-AC5A-A4D1FDA75BD4}"
EndProject
Project("{8BC9CEB8-8B4A-11D0-8D11-00A0C91BC942}") = "libs", "Miscellaneous\RBDoom3BFG\libs.vcxproj", "{2236BA28-A30E-40A0-A708-0F70D7C4C90F}"
EndProject
Project("{8BC9CEB8-8B4A-11D0-8D11-00A0C91BC942}") = "doomclassic", "Miscellaneous\RBDoom3BFG\doomclassic.vcxproj", "{9B6A879E-B624-4F96-B341-2E318B039F2F}"
EndProject
Project("{8BC9CEB8-8B4A-11D0-8D11-00A0C91BC942}") = "d3xp", "Miscellaneous\RBDoom3BFG\d3xp.vcxproj", "{44DE73EB-7FB5-4660-9867-A8D21416F4A9}"
EndProject
Global
	GlobalSection(SolutionConfigurationPlatforms) = preSolution
		Debug|x64 = Debug|x64
		Release|x64 = Release|x64
	EndGlobalSection
	GlobalSection(ProjectConfigurationPlatforms) = postSolution
		{75FB4DD3-0135-340D-8EF5-81F77B6FF2FE}.Debug|x64.ActiveCfg = Debug|x64
		{75FB4DD3-0135-340D-8EF5-81F77B6FF2FE}.Debug|x64.Build.0 = Debug|x64
		{75FB4DD3-0135-340D-8EF5-81F77B6FF2FE}.Release|x64.ActiveCfg = Release|x64
		{75FB4DD3-0135-340D-8EF5-81F77B6FF2FE}.Release|x64.Build.0 = Release|x64
		{8D89EA78-89C1-3255-AC5A-A4D1FDA75BD4}.Debug|x64.ActiveCfg = Debug|x64
		{8D89EA78-89C1-3255-AC5A-A4D1FDA75BD4}.Debug|x64.Build.0 = Debug|x64
		{8D89EA78-89C1-3255-AC5A-A4D1FDA75BD4}.Release|x64.ActiveCfg = Release|x64
		{8D89EA78-89C1-3255-AC5A-A4D1FDA75BD4}.Release|x64.Build.0 = Release|x64
		{2236BA28-A30E-40A0-A708-0F70D7C4C90F}.Debug|x64.ActiveCfg = Debug|x64
		{2236BA28-A30E-40A0-A708-0F70D7C4C90F}.Debug|x64.Build.0 = Debug|x64
		{2236BA28-A30E-40A0-A708-0F70D7C4C90F}.Release|x64.ActiveCfg = Release|x64
		{2236BA28-A30E-40A0-A708-0F70D7C4C90F}.Release|x64.Build.0 = Release|x64
		{9B6A879E-B624-4F96-B341-2E318B039F2F}.Debug|x64.ActiveCfg = Debug|x64
		{9B6A879E-B624-4F96-B341-2E318B039F2F}.Debug|x64.Build.0 = Debug|x64
		{9B6A879E-B624-4F96-B341-2E318B039F2F}.Release|x64.ActiveCfg = Release|x64
		{9B6A879E-B624-4F96-B341-2E318B039F2F}.Release|x64.Build.0 = Release|x64
		{44DE73EB-7FB5-4660-9867-A8D21416F4A9}.Debug|x64.ActiveCfg = Debug|x64
		{44DE73EB-7FB5-4660-9867-A8D21416F4A9}.Debug|x64.Build.0 = Debug|x64
		{44DE73EB-7FB5-4660-9867-A8D21416F4A9}.Release|x64.ActiveCfg = Release|x64
		{44DE73EB-7FB5-4660-9867-A8D21416F4A9}.Release|x64.Build.0 = Release|x64
	EndGlobalSection
	GlobalSection(SolutionProperties) = preSolution
		HideSolutionNode = FALSE
	EndGlobalSection
	GlobalSection(ExtensibilityGlobals) = postSolution
		SolutionGuid = {C840E278-EC30-34FA-A324-6F026D0938DB}
	EndGlobalSection
EndGlobal
