<?xml version="1.0" encoding="utf-8"?>
<Project ToolsVersion="14.0" xmlns="http://schemas.microsoft.com/developer/msbuild/2003">
  <ItemGroup>
    <ClCompile Include="..\..\JustForFun\RBDOOM-3-BFG\doomclassic\doom\Precompiled.cpp">
      <Filter>doomclassic</Filter>
    </ClCompile>
    <ClCompile Include="..\..\JustForFun\RBDOOM-3-BFG\doomclassic\doom\am_map.cpp">
      <Filter>doomclassic</Filter>
    </ClCompile>
    <ClCompile Include="..\..\JustForFun\RBDOOM-3-BFG\doomclassic\doom\d_items.cpp">
      <Filter>doomclassic</Filter>
    </ClCompile>
    <ClCompile Include="..\..\JustForFun\RBDOOM-3-BFG\doomclassic\doom\d_main.cpp">
      <Filter>doomclassic</Filter>
    </ClCompile>
    <ClCompile Include="..\..\JustForFun\RBDOOM-3-BFG\doomclassic\doom\d_net.cpp">
      <Filter>doomclassic</Filter>
    </ClCompile>
    <ClCompile Include="..\..\JustForFun\RBDOOM-3-BFG\doomclassic\doom\doomdef.cpp">
      <Filter>doomclassic</Filter>
    </ClCompile>
    <ClCompile Include="..\..\JustForFun\RBDOOM-3-BFG\doomclassic\doom\doominterface.cpp">
      <Filter>doomclassic</Filter>
    </ClCompile>
    <ClCompile Include="..\..\JustForFun\RBDOOM-3-BFG\doomclassic\doom\doomlib.cpp">
      <Filter>doomclassic</Filter>
    </ClCompile>
    <ClCompile Include="..\..\JustForFun\RBDOOM-3-BFG\doomclassic\doom\doomstat.cpp">
      <Filter>doomclassic</Filter>
    </ClCompile>
    <ClCompile Include="..\..\JustForFun\RBDOOM-3-BFG\doomclassic\doom\dstrings.cpp">
      <Filter>doomclassic</Filter>
    </ClCompile>
    <ClCompile Include="..\..\JustForFun\RBDOOM-3-BFG\doomclassic\doom\f_finale.cpp">
      <Filter>doomclassic</Filter>
    </ClCompile>
    <ClCompile Include="..\..\JustForFun\RBDOOM-3-BFG\doomclassic\doom\f_wipe.cpp">
      <Filter>doomclassic</Filter>
    </ClCompile>
    <ClCompile Include="..\..\JustForFun\RBDOOM-3-BFG\doomclassic\doom\g_game.cpp">
      <Filter>doomclassic</Filter>
    </ClCompile>
    <ClCompile Include="..\..\JustForFun\RBDOOM-3-BFG\doomclassic\doom\globaldata.cpp">
      <Filter>doomclassic</Filter>
    </ClCompile>
    <ClCompile Include="..\..\JustForFun\RBDOOM-3-BFG\doomclassic\doom\hu_lib.cpp">
      <Filter>doomclassic</Filter>
    </ClCompile>
    <ClCompile Include="..\..\JustForFun\RBDOOM-3-BFG\doomclassic\doom\hu_stuff.cpp">
      <Filter>doomclassic</Filter>
    </ClCompile>
    <ClCompile Include="..\..\JustForFun\RBDOOM-3-BFG\doomclassic\doom\i_input.cpp">
      <Filter>doomclassic</Filter>
    </ClCompile>
    <ClCompile Include="..\..\JustForFun\RBDOOM-3-BFG\doomclassic\doom\i_main.cpp">
      <Filter>doomclassic</Filter>
    </ClCompile>
    <ClCompile Include="..\..\JustForFun\RBDOOM-3-BFG\doomclassic\doom\i_net.cpp">
      <Filter>doomclassic</Filter>
    </ClCompile>
    <ClCompile Include="..\..\JustForFun\RBDOOM-3-BFG\doomclassic\doom\i_net_win32.cpp">
      <Filter>doomclassic</Filter>
    </ClCompile>
    <ClCompile Include="..\..\JustForFun\RBDOOM-3-BFG\doomclassic\doom\i_system.cpp">
      <Filter>doomclassic</Filter>
    </ClCompile>
    <ClCompile Include="..\..\JustForFun\RBDOOM-3-BFG\doomclassic\doom\i_video_ps3.cpp">
      <Filter>doomclassic</Filter>
    </ClCompile>
    <ClCompile Include="..\..\JustForFun\RBDOOM-3-BFG\doomclassic\doom\info.cpp">
      <Filter>doomclassic</Filter>
    </ClCompile>
    <ClCompile Include="..\..\JustForFun\RBDOOM-3-BFG\doomclassic\doom\m_argv.cpp">
      <Filter>doomclassic</Filter>
    </ClCompile>
    <ClCompile Include="..\..\JustForFun\RBDOOM-3-BFG\doomclassic\doom\m_bbox.cpp">
      <Filter>doomclassic</Filter>
    </ClCompile>
    <ClCompile Include="..\..\JustForFun\RBDOOM-3-BFG\doomclassic\doom\m_cheat.cpp">
      <Filter>doomclassic</Filter>
    </ClCompile>
    <ClCompile Include="..\..\JustForFun\RBDOOM-3-BFG\doomclassic\doom\m_fixed.cpp">
      <Filter>doomclassic</Filter>
    </ClCompile>
    <ClCompile Include="..\..\JustForFun\RBDOOM-3-BFG\doomclassic\doom\m_menu.cpp">
      <Filter>doomclassic</Filter>
    </ClCompile>
    <ClCompile Include="..\..\JustForFun\RBDOOM-3-BFG\doomclassic\doom\m_misc.cpp">
      <Filter>doomclassic</Filter>
    </ClCompile>
    <ClCompile Include="..\..\JustForFun\RBDOOM-3-BFG\doomclassic\doom\m_random.cpp">
      <Filter>doomclassic</Filter>
    </ClCompile>
    <ClCompile Include="..\..\JustForFun\RBDOOM-3-BFG\doomclassic\doom\m_swap.cpp">
      <Filter>doomclassic</Filter>
    </ClCompile>
    <ClCompile Include="..\..\JustForFun\RBDOOM-3-BFG\doomclassic\doom\mus2midi.cpp">
      <Filter>doomclassic</Filter>
    </ClCompile>
    <ClCompile Include="..\..\JustForFun\RBDOOM-3-BFG\doomclassic\doom\p_ceilng.cpp">
      <Filter>doomclassic</Filter>
    </ClCompile>
    <ClCompile Include="..\..\JustForFun\RBDOOM-3-BFG\doomclassic\doom\p_doors.cpp">
      <Filter>doomclassic</Filter>
    </ClCompile>
    <ClCompile Include="..\..\JustForFun\RBDOOM-3-BFG\doomclassic\doom\p_enemy.cpp">
      <Filter>doomclassic</Filter>
    </ClCompile>
    <ClCompile Include="..\..\JustForFun\RBDOOM-3-BFG\doomclassic\doom\p_floor.cpp">
      <Filter>doomclassic</Filter>
    </ClCompile>
    <ClCompile Include="..\..\JustForFun\RBDOOM-3-BFG\doomclassic\doom\p_inter.cpp">
      <Filter>doomclassic</Filter>
    </ClCompile>
    <ClCompile Include="..\..\JustForFun\RBDOOM-3-BFG\doomclassic\doom\p_lights.cpp">
      <Filter>doomclassic</Filter>
    </ClCompile>
    <ClCompile Include="..\..\JustForFun\RBDOOM-3-BFG\doomclassic\doom\p_map.cpp">
      <Filter>doomclassic</Filter>
    </ClCompile>
    <ClCompile Include="..\..\JustForFun\RBDOOM-3-BFG\doomclassic\doom\p_maputl.cpp">
      <Filter>doomclassic</Filter>
    </ClCompile>
    <ClCompile Include="..\..\JustForFun\RBDOOM-3-BFG\doomclassic\doom\p_mobj.cpp">
      <Filter>doomclassic</Filter>
    </ClCompile>
    <ClCompile Include="..\..\JustForFun\RBDOOM-3-BFG\doomclassic\doom\p_plats.cpp">
      <Filter>doomclassic</Filter>
    </ClCompile>
    <ClCompile Include="..\..\JustForFun\RBDOOM-3-BFG\doomclassic\doom\p_pspr.cpp">
      <Filter>doomclassic</Filter>
    </ClCompile>
    <ClCompile Include="..\..\JustForFun\RBDOOM-3-BFG\doomclassic\doom\p_saveg.cpp">
      <Filter>doomclassic</Filter>
    </ClCompile>
    <ClCompile Include="..\..\JustForFun\RBDOOM-3-BFG\doomclassic\doom\p_setup.cpp">
      <Filter>doomclassic</Filter>
    </ClCompile>
    <ClCompile Include="..\..\JustForFun\RBDOOM-3-BFG\doomclassic\doom\p_sight.cpp">
      <Filter>doomclassic</Filter>
    </ClCompile>
    <ClCompile Include="..\..\JustForFun\RBDOOM-3-BFG\doomclassic\doom\p_spec.cpp">
      <Filter>doomclassic</Filter>
    </ClCompile>
    <ClCompile Include="..\..\JustForFun\RBDOOM-3-BFG\doomclassic\doom\p_switch.cpp">
      <Filter>doomclassic</Filter>
    </ClCompile>
    <ClCompile Include="..\..\JustForFun\RBDOOM-3-BFG\doomclassic\doom\p_telept.cpp">
      <Filter>doomclassic</Filter>
    </ClCompile>
    <ClCompile Include="..\..\JustForFun\RBDOOM-3-BFG\doomclassic\doom\p_tick.cpp">
      <Filter>doomclassic</Filter>
    </ClCompile>
    <ClCompile Include="..\..\JustForFun\RBDOOM-3-BFG\doomclassic\doom\p_user.cpp">
      <Filter>doomclassic</Filter>
    </ClCompile>
    <ClCompile Include="..\..\JustForFun\RBDOOM-3-BFG\doomclassic\doom\r_bsp.cpp">
      <Filter>doomclassic</Filter>
    </ClCompile>
    <ClCompile Include="..\..\JustForFun\RBDOOM-3-BFG\doomclassic\doom\r_data.cpp">
      <Filter>doomclassic</Filter>
    </ClCompile>
    <ClCompile Include="..\..\JustForFun\RBDOOM-3-BFG\doomclassic\doom\r_draw.cpp">
      <Filter>doomclassic</Filter>
    </ClCompile>
    <ClCompile Include="..\..\JustForFun\RBDOOM-3-BFG\doomclassic\doom\r_main.cpp">
      <Filter>doomclassic</Filter>
    </ClCompile>
    <ClCompile Include="..\..\JustForFun\RBDOOM-3-BFG\doomclassic\doom\r_plane.cpp">
      <Filter>doomclassic</Filter>
    </ClCompile>
    <ClCompile Include="..\..\JustForFun\RBDOOM-3-BFG\doomclassic\doom\r_segs.cpp">
      <Filter>doomclassic</Filter>
    </ClCompile>
    <ClCompile Include="..\..\JustForFun\RBDOOM-3-BFG\doomclassic\doom\r_sky.cpp">
      <Filter>doomclassic</Filter>
    </ClCompile>
    <ClCompile Include="..\..\JustForFun\RBDOOM-3-BFG\doomclassic\doom\r_things.cpp">
      <Filter>doomclassic</Filter>
    </ClCompile>
    <ClCompile Include="..\..\JustForFun\RBDOOM-3-BFG\doomclassic\doom\s_sound.cpp">
      <Filter>doomclassic</Filter>
    </ClCompile>
    <ClCompile Include="..\..\JustForFun\RBDOOM-3-BFG\doomclassic\doom\sounds.cpp">
      <Filter>doomclassic</Filter>
    </ClCompile>
    <ClCompile Include="..\..\JustForFun\RBDOOM-3-BFG\doomclassic\doom\st_lib.cpp">
      <Filter>doomclassic</Filter>
    </ClCompile>
    <ClCompile Include="..\..\JustForFun\RBDOOM-3-BFG\doomclassic\doom\st_stuff.cpp">
      <Filter>doomclassic</Filter>
    </ClCompile>
    <ClCompile Include="..\..\JustForFun\RBDOOM-3-BFG\doomclassic\doom\tables.cpp">
      <Filter>doomclassic</Filter>
    </ClCompile>
    <ClCompile Include="..\..\JustForFun\RBDOOM-3-BFG\doomclassic\doom\v_video.cpp">
      <Filter>doomclassic</Filter>
    </ClCompile>
    <ClCompile Include="..\..\JustForFun\RBDOOM-3-BFG\doomclassic\doom\w_wad.cpp">
      <Filter>doomclassic</Filter>
    </ClCompile>
    <ClCompile Include="..\..\JustForFun\RBDOOM-3-BFG\doomclassic\doom\wi_stuff.cpp">
      <Filter>doomclassic</Filter>
    </ClCompile>
    <ClCompile Include="..\..\JustForFun\RBDOOM-3-BFG\doomclassic\doom\z_zone.cpp">
      <Filter>doomclassic</Filter>
    </ClCompile>
    <ClCompile Include="..\..\JustForFun\RBDOOM-3-BFG\doomclassic\doom\i_sound_win32.cpp">
      <Filter>doomclassic</Filter>
    </ClCompile>
  </ItemGroup>
  <ItemGroup>
    <ClInclude Include="..\..\JustForFun\RBDOOM-3-BFG\doomclassic\doom\Main.h">
      <Filter>doomclassic</Filter>
    </ClInclude>
    <ClInclude Include="..\..\JustForFun\RBDOOM-3-BFG\doomclassic\doom\Precompiled.h">
      <Filter>doomclassic</Filter>
    </ClInclude>
    <ClInclude Include="..\..\JustForFun\RBDOOM-3-BFG\doomclassic\doom\am_map.h">
      <Filter>doomclassic</Filter>
    </ClInclude>
    <ClInclude Include="..\..\JustForFun\RBDOOM-3-BFG\doomclassic\doom\constructs.h">
      <Filter>doomclassic</Filter>
    </ClInclude>
    <ClInclude Include="..\..\JustForFun\RBDOOM-3-BFG\doomclassic\doom\d_englsh.h">
      <Filter>doomclassic</Filter>
    </ClInclude>
    <ClInclude Include="..\..\JustForFun\RBDOOM-3-BFG\doomclassic\doom\d_event.h">
      <Filter>doomclassic</Filter>
    </ClInclude>
    <ClInclude Include="..\..\JustForFun\RBDOOM-3-BFG\doomclassic\doom\d_french.h">
      <Filter>doomclassic</Filter>
    </ClInclude>
    <ClInclude Include="..\..\JustForFun\RBDOOM-3-BFG\doomclassic\doom\d_items.h">
      <Filter>doomclassic</Filter>
    </ClInclude>
    <ClInclude Include="..\..\JustForFun\RBDOOM-3-BFG\doomclassic\doom\d_main.h">
      <Filter>doomclassic</Filter>
    </ClInclude>
    <ClInclude Include="..\..\JustForFun\RBDOOM-3-BFG\doomclassic\doom\d_net.h">
      <Filter>doomclassic</Filter>
    </ClInclude>
    <ClInclude Include="..\..\JustForFun\RBDOOM-3-BFG\doomclassic\doom\d_player.h">
      <Filter>doomclassic</Filter>
    </ClInclude>
    <ClInclude Include="..\..\JustForFun\RBDOOM-3-BFG\doomclassic\doom\d_textur.h">
      <Filter>doomclassic</Filter>
    </ClInclude>
    <ClInclude Include="..\..\JustForFun\RBDOOM-3-BFG\doomclassic\doom\d_think.h">
      <Filter>doomclassic</Filter>
    </ClInclude>
    <ClInclude Include="..\..\JustForFun\RBDOOM-3-BFG\doomclassic\doom\d_ticcmd.h">
      <Filter>doomclassic</Filter>
    </ClInclude>
    <ClInclude Include="..\..\JustForFun\RBDOOM-3-BFG\doomclassic\doom\defs.h">
      <Filter>doomclassic</Filter>
    </ClInclude>
    <ClInclude Include="..\..\JustForFun\RBDOOM-3-BFG\doomclassic\doom\doomdata.h">
      <Filter>doomclassic</Filter>
    </ClInclude>
    <ClInclude Include="..\..\JustForFun\RBDOOM-3-BFG\doomclassic\doom\doomdef.h">
      <Filter>doomclassic</Filter>
    </ClInclude>
    <ClInclude Include="..\..\JustForFun\RBDOOM-3-BFG\doomclassic\doom\doominterface.h">
      <Filter>doomclassic</Filter>
    </ClInclude>
    <ClInclude Include="..\..\JustForFun\RBDOOM-3-BFG\doomclassic\doom\doomlib.h">
      <Filter>doomclassic</Filter>
    </ClInclude>
    <ClInclude Include="..\..\JustForFun\RBDOOM-3-BFG\doomclassic\doom\doomstat.h">
      <Filter>doomclassic</Filter>
    </ClInclude>
    <ClInclude Include="..\..\JustForFun\RBDOOM-3-BFG\doomclassic\doom\doomtype.h">
      <Filter>doomclassic</Filter>
    </ClInclude>
    <ClInclude Include="..\..\JustForFun\RBDOOM-3-BFG\doomclassic\doom\dstrings.h">
      <Filter>doomclassic</Filter>
    </ClInclude>
    <ClInclude Include="..\..\JustForFun\RBDOOM-3-BFG\doomclassic\doom\f_finale.h">
      <Filter>doomclassic</Filter>
    </ClInclude>
    <ClInclude Include="..\..\JustForFun\RBDOOM-3-BFG\doomclassic\doom\f_wipe.h">
      <Filter>doomclassic</Filter>
    </ClInclude>
    <ClInclude Include="..\..\JustForFun\RBDOOM-3-BFG\doomclassic\doom\g_game.h">
      <Filter>doomclassic</Filter>
    </ClInclude>
    <ClInclude Include="..\..\JustForFun\RBDOOM-3-BFG\doomclassic\doom\globaldata.h">
      <Filter>doomclassic</Filter>
    </ClInclude>
    <ClInclude Include="..\..\JustForFun\RBDOOM-3-BFG\doomclassic\doom\hu_lib.h">
      <Filter>doomclassic</Filter>
    </ClInclude>
    <ClInclude Include="..\..\JustForFun\RBDOOM-3-BFG\doomclassic\doom\hu_stuff.h">
      <Filter>doomclassic</Filter>
    </ClInclude>
    <ClInclude Include="..\..\JustForFun\RBDOOM-3-BFG\doomclassic\doom\i_net.h">
      <Filter>doomclassic</Filter>
    </ClInclude>
    <ClInclude Include="..\..\JustForFun\RBDOOM-3-BFG\doomclassic\doom\i_sound.h">
      <Filter>doomclassic</Filter>
    </ClInclude>
    <ClInclude Include="..\..\JustForFun\RBDOOM-3-BFG\doomclassic\doom\i_system.h">
      <Filter>doomclassic</Filter>
    </ClInclude>
    <ClInclude Include="..\..\JustForFun\RBDOOM-3-BFG\doomclassic\doom\i_video.h">
      <Filter>doomclassic</Filter>
    </ClInclude>
    <ClInclude Include="..\..\JustForFun\RBDOOM-3-BFG\doomclassic\doom\info.h">
      <Filter>doomclassic</Filter>
    </ClInclude>
    <ClInclude Include="..\..\JustForFun\RBDOOM-3-BFG\doomclassic\doom\m_argv.h">
      <Filter>doomclassic</Filter>
    </ClInclude>
    <ClInclude Include="..\..\JustForFun\RBDOOM-3-BFG\doomclassic\doom\m_bbox.h">
      <Filter>doomclassic</Filter>
    </ClInclude>
    <ClInclude Include="..\..\JustForFun\RBDOOM-3-BFG\doomclassic\doom\m_cheat.h">
      <Filter>doomclassic</Filter>
    </ClInclude>
    <ClInclude Include="..\..\JustForFun\RBDOOM-3-BFG\doomclassic\doom\m_fixed.h">
      <Filter>doomclassic</Filter>
    </ClInclude>
    <ClInclude Include="..\..\JustForFun\RBDOOM-3-BFG\doomclassic\doom\m_menu.h">
      <Filter>doomclassic</Filter>
    </ClInclude>
    <ClInclude Include="..\..\JustForFun\RBDOOM-3-BFG\doomclassic\doom\m_misc.h">
      <Filter>doomclassic</Filter>
    </ClInclude>
    <ClInclude Include="..\..\JustForFun\RBDOOM-3-BFG\doomclassic\doom\m_random.h">
      <Filter>doomclassic</Filter>
    </ClInclude>
    <ClInclude Include="..\..\JustForFun\RBDOOM-3-BFG\doomclassic\doom\m_swap.h">
      <Filter>doomclassic</Filter>
    </ClInclude>
    <ClInclude Include="..\..\JustForFun\RBDOOM-3-BFG\doomclassic\doom\p_inter.h">
      <Filter>doomclassic</Filter>
    </ClInclude>
    <ClInclude Include="..\..\JustForFun\RBDOOM-3-BFG\doomclassic\doom\p_local.h">
      <Filter>doomclassic</Filter>
    </ClInclude>
    <ClInclude Include="..\..\JustForFun\RBDOOM-3-BFG\doomclassic\doom\p_mobj.h">
      <Filter>doomclassic</Filter>
    </ClInclude>
    <ClInclude Include="..\..\JustForFun\RBDOOM-3-BFG\doomclassic\doom\p_pspr.h">
      <Filter>doomclassic</Filter>
    </ClInclude>
    <ClInclude Include="..\..\JustForFun\RBDOOM-3-BFG\doomclassic\doom\p_saveg.h">
      <Filter>doomclassic</Filter>
    </ClInclude>
    <ClInclude Include="..\..\JustForFun\RBDOOM-3-BFG\doomclassic\doom\p_setup.h">
      <Filter>doomclassic</Filter>
    </ClInclude>
    <ClInclude Include="..\..\JustForFun\RBDOOM-3-BFG\doomclassic\doom\p_spec.h">
      <Filter>doomclassic</Filter>
    </ClInclude>
    <ClInclude Include="..\..\JustForFun\RBDOOM-3-BFG\doomclassic\doom\p_tick.h">
      <Filter>doomclassic</Filter>
    </ClInclude>
    <ClInclude Include="..\..\JustForFun\RBDOOM-3-BFG\doomclassic\doom\r_bsp.h">
      <Filter>doomclassic</Filter>
    </ClInclude>
    <ClInclude Include="..\..\JustForFun\RBDOOM-3-BFG\doomclassic\doom\r_data.h">
      <Filter>doomclassic</Filter>
    </ClInclude>
    <ClInclude Include="..\..\JustForFun\RBDOOM-3-BFG\doomclassic\doom\r_defs.h">
      <Filter>doomclassic</Filter>
    </ClInclude>
    <ClInclude Include="..\..\JustForFun\RBDOOM-3-BFG\doomclassic\doom\r_draw.h">
      <Filter>doomclassic</Filter>
    </ClInclude>
    <ClInclude Include="..\..\JustForFun\RBDOOM-3-BFG\doomclassic\doom\r_local.h">
      <Filter>doomclassic</Filter>
    </ClInclude>
    <ClInclude Include="..\..\JustForFun\RBDOOM-3-BFG\doomclassic\doom\r_main.h">
      <Filter>doomclassic</Filter>
    </ClInclude>
    <ClInclude Include="..\..\JustForFun\RBDOOM-3-BFG\doomclassic\doom\r_plane.h">
      <Filter>doomclassic</Filter>
    </ClInclude>
    <ClInclude Include="..\..\JustForFun\RBDOOM-3-BFG\doomclassic\doom\r_segs.h">
      <Filter>doomclassic</Filter>
    </ClInclude>
    <ClInclude Include="..\..\JustForFun\RBDOOM-3-BFG\doomclassic\doom\r_sky.h">
      <Filter>doomclassic</Filter>
    </ClInclude>
    <ClInclude Include="..\..\JustForFun\RBDOOM-3-BFG\doomclassic\doom\r_state.h">
      <Filter>doomclassic</Filter>
    </ClInclude>
    <ClInclude Include="..\..\JustForFun\RBDOOM-3-BFG\doomclassic\doom\r_things.h">
      <Filter>doomclassic</Filter>
    </ClInclude>
    <ClInclude Include="..\..\JustForFun\RBDOOM-3-BFG\doomclassic\doom\s_sound.h">
      <Filter>doomclassic</Filter>
    </ClInclude>
    <ClInclude Include="..\..\JustForFun\RBDOOM-3-BFG\doomclassic\doom\sounds.h">
      <Filter>doomclassic</Filter>
    </ClInclude>
    <ClInclude Include="..\..\JustForFun\RBDOOM-3-BFG\doomclassic\doom\st_lib.h">
      <Filter>doomclassic</Filter>
    </ClInclude>
    <ClInclude Include="..\..\JustForFun\RBDOOM-3-BFG\doomclassic\doom\st_stuff.h">
      <Filter>doomclassic</Filter>
    </ClInclude>
    <ClInclude Include="..\..\JustForFun\RBDOOM-3-BFG\doomclassic\doom\structs.h">
      <Filter>doomclassic</Filter>
    </ClInclude>
    <ClInclude Include="..\..\JustForFun\RBDOOM-3-BFG\doomclassic\doom\tables.h">
      <Filter>doomclassic</Filter>
    </ClInclude>
    <ClInclude Include="..\..\JustForFun\RBDOOM-3-BFG\doomclassic\doom\typedefs.h">
      <Filter>doomclassic</Filter>
    </ClInclude>
    <ClInclude Include="..\..\JustForFun\RBDOOM-3-BFG\doomclassic\doom\v_video.h">
      <Filter>doomclassic</Filter>
    </ClInclude>
    <ClInclude Include="..\..\JustForFun\RBDOOM-3-BFG\doomclassic\doom\vars.h">
      <Filter>doomclassic</Filter>
    </ClInclude>
    <ClInclude Include="..\..\JustForFun\RBDOOM-3-BFG\doomclassic\doom\w_wad.h">
      <Filter>doomclassic</Filter>
    </ClInclude>
    <ClInclude Include="..\..\JustForFun\RBDOOM-3-BFG\doomclassic\doom\wi_stuff.h">
      <Filter>doomclassic</Filter>
    </ClInclude>
    <ClInclude Include="..\..\JustForFun\RBDOOM-3-BFG\doomclassic\doom\z_zone.h">
      <Filter>doomclassic</Filter>
    </ClInclude>
  </ItemGroup>
  <ItemGroup>
    <Filter Include="doomclassic">
      <UniqueIdentifier>{E39A8542-6231-3B41-AE88-E4B4EBEA3750}</UniqueIdentifier>
    </Filter>
  </ItemGroup>
</Project>