<?xml version="1.0" encoding="utf-8"?>
<Project ToolsVersion="14.0" xmlns="http://schemas.microsoft.com/developer/msbuild/2003">
  <ItemGroup>
    <ClCompile Include="..\..\JustForFun\RBDOOM-3-BFG\neo\tools\compilers\aas\AASBuild.cpp">
      <Filter>tools\compilers\aas</Filter>
    </ClCompile>
    <ClCompile Include="..\..\JustForFun\RBDOOM-3-BFG\neo\tools\compilers\aas\AASBuild_file.cpp">
      <Filter>tools\compilers\aas</Filter>
    </ClCompile>
    <ClCompile Include="..\..\JustForFun\RBDOOM-3-BFG\neo\tools\compilers\aas\AASBuild_gravity.cpp">
      <Filter>tools\compilers\aas</Filter>
    </ClCompile>
    <ClCompile Include="..\..\JustForFun\RBDOOM-3-BFG\neo\tools\compilers\aas\AASBuild_ledge.cpp">
      <Filter>tools\compilers\aas</Filter>
    </ClCompile>
    <ClCompile Include="..\..\JustForFun\RBDOOM-3-BFG\neo\tools\compilers\aas\AASBuild_merge.cpp">
      <Filter>tools\compilers\aas</Filter>
    </ClCompile>
    <ClCompile Include="..\..\JustForFun\RBDOOM-3-BFG\neo\tools\compilers\aas\AASCluster.cpp">
      <Filter>tools\compilers\aas</Filter>
    </ClCompile>
    <ClCompile Include="..\..\JustForFun\RBDOOM-3-BFG\neo\tools\compilers\aas\AASReach.cpp">
      <Filter>tools\compilers\aas</Filter>
    </ClCompile>
    <ClCompile Include="..\..\JustForFun\RBDOOM-3-BFG\neo\tools\compilers\aas\Brush.cpp">
      <Filter>tools\compilers\aas</Filter>
    </ClCompile>
    <ClCompile Include="..\..\JustForFun\RBDOOM-3-BFG\neo\tools\compilers\aas\BrushBSP.cpp">
      <Filter>tools\compilers\aas</Filter>
    </ClCompile>
    <ClCompile Include="..\..\JustForFun\RBDOOM-3-BFG\neo\tools\compilers\dmap\dmap.cpp">
      <Filter>tools\compilers\dmap</Filter>
    </ClCompile>
    <ClCompile Include="..\..\JustForFun\RBDOOM-3-BFG\neo\tools\compilers\dmap\facebsp.cpp">
      <Filter>tools\compilers\dmap</Filter>
    </ClCompile>
    <ClCompile Include="..\..\JustForFun\RBDOOM-3-BFG\neo\tools\compilers\dmap\gldraw.cpp">
      <Filter>tools\compilers\dmap</Filter>
    </ClCompile>
    <ClCompile Include="..\..\JustForFun\RBDOOM-3-BFG\neo\tools\compilers\dmap\glfile.cpp">
      <Filter>tools\compilers\dmap</Filter>
    </ClCompile>
    <ClCompile Include="..\..\JustForFun\RBDOOM-3-BFG\neo\tools\compilers\dmap\leakfile.cpp">
      <Filter>tools\compilers\dmap</Filter>
    </ClCompile>
    <ClCompile Include="..\..\JustForFun\RBDOOM-3-BFG\neo\tools\compilers\dmap\map.cpp">
      <Filter>tools\compilers\dmap</Filter>
    </ClCompile>
    <ClCompile Include="..\..\JustForFun\RBDOOM-3-BFG\neo\tools\compilers\dmap\optimize.cpp">
      <Filter>tools\compilers\dmap</Filter>
    </ClCompile>
    <ClCompile Include="..\..\JustForFun\RBDOOM-3-BFG\neo\tools\compilers\dmap\output.cpp">
      <Filter>tools\compilers\dmap</Filter>
    </ClCompile>
    <ClCompile Include="..\..\JustForFun\RBDOOM-3-BFG\neo\tools\compilers\dmap\portals.cpp">
      <Filter>tools\compilers\dmap</Filter>
    </ClCompile>
    <ClCompile Include="..\..\JustForFun\RBDOOM-3-BFG\neo\tools\compilers\dmap\tritjunction.cpp">
      <Filter>tools\compilers\dmap</Filter>
    </ClCompile>
    <ClCompile Include="..\..\JustForFun\RBDOOM-3-BFG\neo\tools\compilers\dmap\tritools.cpp">
      <Filter>tools\compilers\dmap</Filter>
    </ClCompile>
    <ClCompile Include="..\..\JustForFun\RBDOOM-3-BFG\neo\tools\compilers\dmap\ubrush.cpp">
      <Filter>tools\compilers\dmap</Filter>
    </ClCompile>
    <ClCompile Include="..\..\JustForFun\RBDOOM-3-BFG\neo\tools\compilers\dmap\usurface.cpp">
      <Filter>tools\compilers\dmap</Filter>
    </ClCompile>
    <ClCompile Include="..\..\JustForFun\RBDOOM-3-BFG\neo\aas\AASFile.cpp">
      <Filter>aas</Filter>
    </ClCompile>
    <ClCompile Include="..\..\JustForFun\RBDOOM-3-BFG\neo\aas\AASFileManager.cpp">
      <Filter>aas</Filter>
    </ClCompile>
    <ClCompile Include="..\..\JustForFun\RBDOOM-3-BFG\neo\aas\AASFile_optimize.cpp">
      <Filter>aas</Filter>
    </ClCompile>
    <ClCompile Include="..\..\JustForFun\RBDOOM-3-BFG\neo\aas\AASFile_sample.cpp">
      <Filter>aas</Filter>
    </ClCompile>
    <ClCompile Include="..\..\JustForFun\RBDOOM-3-BFG\neo\cm\CollisionModel_contacts.cpp">
      <Filter>collisionmodel</Filter>
    </ClCompile>
    <ClCompile Include="..\..\JustForFun\RBDOOM-3-BFG\neo\cm\CollisionModel_contents.cpp">
      <Filter>collisionmodel</Filter>
    </ClCompile>
    <ClCompile Include="..\..\JustForFun\RBDOOM-3-BFG\neo\cm\CollisionModel_debug.cpp">
      <Filter>collisionmodel</Filter>
    </ClCompile>
    <ClCompile Include="..\..\JustForFun\RBDOOM-3-BFG\neo\cm\CollisionModel_files.cpp">
      <Filter>collisionmodel</Filter>
    </ClCompile>
    <ClCompile Include="..\..\JustForFun\RBDOOM-3-BFG\neo\cm\CollisionModel_load.cpp">
      <Filter>collisionmodel</Filter>
    </ClCompile>
    <ClCompile Include="..\..\JustForFun\RBDOOM-3-BFG\neo\cm\CollisionModel_rotate.cpp">
      <Filter>collisionmodel</Filter>
    </ClCompile>
    <ClCompile Include="..\..\JustForFun\RBDOOM-3-BFG\neo\cm\CollisionModel_trace.cpp">
      <Filter>collisionmodel</Filter>
    </ClCompile>
    <ClCompile Include="..\..\JustForFun\RBDOOM-3-BFG\neo\cm\CollisionModel_translate.cpp">
      <Filter>collisionmodel</Filter>
    </ClCompile>
    <ClCompile Include="..\..\JustForFun\RBDOOM-3-BFG\neo\framework\CVarSystem.cpp">
      <Filter>framework</Filter>
    </ClCompile>
    <ClCompile Include="..\..\JustForFun\RBDOOM-3-BFG\neo\framework\CmdSystem.cpp">
      <Filter>framework</Filter>
    </ClCompile>
    <ClCompile Include="..\..\JustForFun\RBDOOM-3-BFG\neo\framework\Common.cpp">
      <Filter>framework</Filter>
    </ClCompile>
    <ClCompile Include="..\..\JustForFun\RBDOOM-3-BFG\neo\framework\Common_demos.cpp">
      <Filter>framework</Filter>
    </ClCompile>
    <ClCompile Include="..\..\JustForFun\RBDOOM-3-BFG\neo\framework\Common_dialog.cpp">
      <Filter>framework</Filter>
    </ClCompile>
    <ClCompile Include="..\..\JustForFun\RBDOOM-3-BFG\neo\framework\Common_load.cpp">
      <Filter>framework</Filter>
    </ClCompile>
    <ClCompile Include="..\..\JustForFun\RBDOOM-3-BFG\neo\framework\Common_localize.cpp">
      <Filter>framework</Filter>
    </ClCompile>
    <ClCompile Include="..\..\JustForFun\RBDOOM-3-BFG\neo\framework\Common_mapconvert.cpp">
      <Filter>framework</Filter>
    </ClCompile>
    <ClCompile Include="..\..\JustForFun\RBDOOM-3-BFG\neo\framework\Common_menu.cpp">
      <Filter>framework</Filter>
    </ClCompile>
    <ClCompile Include="..\..\JustForFun\RBDOOM-3-BFG\neo\framework\Common_network.cpp">
      <Filter>framework</Filter>
    </ClCompile>
    <ClCompile Include="..\..\JustForFun\RBDOOM-3-BFG\neo\framework\Common_printf.cpp">
      <Filter>framework</Filter>
    </ClCompile>
    <ClCompile Include="..\..\JustForFun\RBDOOM-3-BFG\neo\framework\Compressor.cpp">
      <Filter>framework</Filter>
    </ClCompile>
    <ClCompile Include="..\..\JustForFun\RBDOOM-3-BFG\neo\framework\Console.cpp">
      <Filter>framework</Filter>
    </ClCompile>
    <ClCompile Include="..\..\JustForFun\RBDOOM-3-BFG\neo\framework\ConsoleHistory.cpp">
      <Filter>framework</Filter>
    </ClCompile>
    <ClCompile Include="..\..\JustForFun\RBDOOM-3-BFG\neo\framework\DebugGraph.cpp">
      <Filter>framework</Filter>
    </ClCompile>
    <ClCompile Include="..\..\JustForFun\RBDOOM-3-BFG\neo\framework\DeclAF.cpp">
      <Filter>framework</Filter>
    </ClCompile>
    <ClCompile Include="..\..\JustForFun\RBDOOM-3-BFG\neo\framework\DeclEntityDef.cpp">
      <Filter>framework</Filter>
    </ClCompile>
    <ClCompile Include="..\..\JustForFun\RBDOOM-3-BFG\neo\framework\DeclFX.cpp">
      <Filter>framework</Filter>
    </ClCompile>
    <ClCompile Include="..\..\JustForFun\RBDOOM-3-BFG\neo\framework\DeclManager.cpp">
      <Filter>framework</Filter>
    </ClCompile>
    <ClCompile Include="..\..\JustForFun\RBDOOM-3-BFG\neo\framework\DeclPDA.cpp">
      <Filter>framework</Filter>
    </ClCompile>
    <ClCompile Include="..\..\JustForFun\RBDOOM-3-BFG\neo\framework\DeclParticle.cpp">
      <Filter>framework</Filter>
    </ClCompile>
    <ClCompile Include="..\..\JustForFun\RBDOOM-3-BFG\neo\framework\DeclSkin.cpp">
      <Filter>framework</Filter>
    </ClCompile>
    <ClCompile Include="..\..\JustForFun\RBDOOM-3-BFG\neo\framework\DeclTable.cpp">
      <Filter>framework</Filter>
    </ClCompile>
    <ClCompile Include="..\..\JustForFun\RBDOOM-3-BFG\neo\framework\DemoFile.cpp">
      <Filter>framework</Filter>
    </ClCompile>
    <ClCompile Include="..\..\JustForFun\RBDOOM-3-BFG\neo\framework\EditField.cpp">
      <Filter>framework</Filter>
    </ClCompile>
    <ClCompile Include="..\..\JustForFun\RBDOOM-3-BFG\neo\framework\EventLoop.cpp">
      <Filter>framework</Filter>
    </ClCompile>
    <ClCompile Include="..\..\JustForFun\RBDOOM-3-BFG\neo\framework\File.cpp">
      <Filter>framework</Filter>
    </ClCompile>
    <ClCompile Include="..\..\JustForFun\RBDOOM-3-BFG\neo\framework\FileSystem.cpp">
      <Filter>framework</Filter>
    </ClCompile>
    <ClCompile Include="..\..\JustForFun\RBDOOM-3-BFG\neo\framework\File_Manifest.cpp">
      <Filter>framework</Filter>
    </ClCompile>
    <ClCompile Include="..\..\JustForFun\RBDOOM-3-BFG\neo\framework\File_Resource.cpp">
      <Filter>framework</Filter>
    </ClCompile>
    <ClCompile Include="..\..\JustForFun\RBDOOM-3-BFG\neo\framework\File_SaveGame.cpp">
      <Filter>framework</Filter>
    </ClCompile>
    <ClCompile Include="..\..\JustForFun\RBDOOM-3-BFG\neo\framework\KeyInput.cpp">
      <Filter>framework</Filter>
    </ClCompile>
    <ClCompile Include="..\..\JustForFun\RBDOOM-3-BFG\neo\framework\PlayerProfile.cpp">
      <Filter>framework</Filter>
    </ClCompile>
    <ClCompile Include="..\..\JustForFun\RBDOOM-3-BFG\neo\framework\TokenParser.cpp">
      <Filter>framework</Filter>
    </ClCompile>
    <ClCompile Include="..\..\JustForFun\RBDOOM-3-BFG\neo\framework\UsercmdGen.cpp">
      <Filter>framework</Filter>
    </ClCompile>
    <ClCompile Include="..\..\JustForFun\RBDOOM-3-BFG\neo\framework\Zip.cpp">
      <Filter>framework</Filter>
    </ClCompile>
    <ClCompile Include="..\..\JustForFun\RBDOOM-3-BFG\neo\framework\common_frame.cpp">
      <Filter>framework</Filter>
    </ClCompile>
    <ClCompile Include="..\..\JustForFun\RBDOOM-3-BFG\neo\framework\precompiled.cpp">
      <Filter>framework</Filter>
    </ClCompile>
    <ClCompile Include="..\..\JustForFun\RBDOOM-3-BFG\neo\renderer\BinaryImage.cpp">
      <Filter>renderer</Filter>
    </ClCompile>
    <ClCompile Include="..\..\JustForFun\RBDOOM-3-BFG\neo\renderer\BoundsTrack.cpp">
      <Filter>renderer</Filter>
    </ClCompile>
    <ClCompile Include="..\..\JustForFun\RBDOOM-3-BFG\neo\renderer\BufferObject.cpp">
      <Filter>renderer</Filter>
    </ClCompile>
    <ClCompile Include="..\..\JustForFun\RBDOOM-3-BFG\neo\renderer\Cinematic.cpp">
      <Filter>renderer</Filter>
    </ClCompile>
    <ClCompile Include="..\..\JustForFun\RBDOOM-3-BFG\neo\renderer\Font.cpp">
      <Filter>renderer</Filter>
    </ClCompile>
    <ClCompile Include="..\..\JustForFun\RBDOOM-3-BFG\neo\renderer\Framebuffer.cpp">
      <Filter>renderer</Filter>
    </ClCompile>
    <ClCompile Include="..\..\JustForFun\RBDOOM-3-BFG\neo\renderer\GLMatrix.cpp">
      <Filter>renderer</Filter>
    </ClCompile>
    <ClCompile Include="..\..\JustForFun\RBDOOM-3-BFG\neo\renderer\GuiModel.cpp">
      <Filter>renderer</Filter>
    </ClCompile>
    <ClCompile Include="..\..\JustForFun\RBDOOM-3-BFG\neo\renderer\ImageManager.cpp">
      <Filter>renderer</Filter>
    </ClCompile>
    <ClCompile Include="..\..\JustForFun\RBDOOM-3-BFG\neo\renderer\Image_files.cpp">
      <Filter>renderer</Filter>
    </ClCompile>
    <ClCompile Include="..\..\JustForFun\RBDOOM-3-BFG\neo\renderer\Image_intrinsic.cpp">
      <Filter>renderer</Filter>
    </ClCompile>
    <ClCompile Include="..\..\JustForFun\RBDOOM-3-BFG\neo\renderer\Image_load.cpp">
      <Filter>renderer</Filter>
    </ClCompile>
    <ClCompile Include="..\..\JustForFun\RBDOOM-3-BFG\neo\renderer\Image_process.cpp">
      <Filter>renderer</Filter>
    </ClCompile>
    <ClCompile Include="..\..\JustForFun\RBDOOM-3-BFG\neo\renderer\Image_program.cpp">
      <Filter>renderer</Filter>
    </ClCompile>
    <ClCompile Include="..\..\JustForFun\RBDOOM-3-BFG\neo\renderer\Interaction.cpp">
      <Filter>renderer</Filter>
    </ClCompile>
    <ClCompile Include="..\..\JustForFun\RBDOOM-3-BFG\neo\renderer\Material.cpp">
      <Filter>renderer</Filter>
    </ClCompile>
    <ClCompile Include="..\..\JustForFun\RBDOOM-3-BFG\neo\renderer\Model.cpp">
      <Filter>renderer</Filter>
    </ClCompile>
    <ClCompile Include="..\..\JustForFun\RBDOOM-3-BFG\neo\renderer\ModelDecal.cpp">
      <Filter>renderer</Filter>
    </ClCompile>
    <ClCompile Include="..\..\JustForFun\RBDOOM-3-BFG\neo\renderer\ModelManager.cpp">
      <Filter>renderer</Filter>
    </ClCompile>
    <ClCompile Include="..\..\JustForFun\RBDOOM-3-BFG\neo\renderer\ModelOverlay.cpp">
      <Filter>renderer</Filter>
    </ClCompile>
    <ClCompile Include="..\..\JustForFun\RBDOOM-3-BFG\neo\renderer\Model_ColladaParser.cpp">
      <Filter>renderer</Filter>
    </ClCompile>
    <ClCompile Include="..\..\JustForFun\RBDOOM-3-BFG\neo\renderer\Model_ase.cpp">
      <Filter>renderer</Filter>
    </ClCompile>
    <ClCompile Include="..\..\JustForFun\RBDOOM-3-BFG\neo\renderer\Model_beam.cpp">
      <Filter>renderer</Filter>
    </ClCompile>
    <ClCompile Include="..\..\JustForFun\RBDOOM-3-BFG\neo\renderer\Model_liquid.cpp">
      <Filter>renderer</Filter>
    </ClCompile>
    <ClCompile Include="..\..\JustForFun\RBDOOM-3-BFG\neo\renderer\Model_lwo.cpp">
      <Filter>renderer</Filter>
    </ClCompile>
    <ClCompile Include="..\..\JustForFun\RBDOOM-3-BFG\neo\renderer\Model_ma.cpp">
      <Filter>renderer</Filter>
    </ClCompile>
    <ClCompile Include="..\..\JustForFun\RBDOOM-3-BFG\neo\renderer\Model_md3.cpp">
      <Filter>renderer</Filter>
    </ClCompile>
    <ClCompile Include="..\..\JustForFun\RBDOOM-3-BFG\neo\renderer\Model_md5.cpp">
      <Filter>renderer</Filter>
    </ClCompile>
    <ClCompile Include="..\..\JustForFun\RBDOOM-3-BFG\neo\renderer\Model_prt.cpp">
      <Filter>renderer</Filter>
    </ClCompile>
    <ClCompile Include="..\..\JustForFun\RBDOOM-3-BFG\neo\renderer\Model_sprite.cpp">
      <Filter>renderer</Filter>
    </ClCompile>
    <ClCompile Include="..\..\JustForFun\RBDOOM-3-BFG\neo\renderer\RenderEntity.cpp">
      <Filter>renderer</Filter>
    </ClCompile>
    <ClCompile Include="..\..\JustForFun\RBDOOM-3-BFG\neo\renderer\RenderLog.cpp">
      <Filter>renderer</Filter>
    </ClCompile>
    <ClCompile Include="..\..\JustForFun\RBDOOM-3-BFG\neo\renderer\RenderProgs.cpp">
      <Filter>renderer</Filter>
    </ClCompile>
    <ClCompile Include="..\..\JustForFun\RBDOOM-3-BFG\neo\renderer\RenderProgs_GLSL.cpp">
      <Filter>renderer</Filter>
    </ClCompile>
    <ClCompile Include="..\..\JustForFun\RBDOOM-3-BFG\neo\renderer\RenderSystem.cpp">
      <Filter>renderer</Filter>
    </ClCompile>
    <ClCompile Include="..\..\JustForFun\RBDOOM-3-BFG\neo\renderer\RenderSystem_init.cpp">
      <Filter>renderer</Filter>
    </ClCompile>
    <ClCompile Include="..\..\JustForFun\RBDOOM-3-BFG\neo\renderer\RenderWorld.cpp">
      <Filter>renderer</Filter>
    </ClCompile>
    <ClCompile Include="..\..\JustForFun\RBDOOM-3-BFG\neo\renderer\RenderWorld_defs.cpp">
      <Filter>renderer</Filter>
    </ClCompile>
    <ClCompile Include="..\..\JustForFun\RBDOOM-3-BFG\neo\renderer\RenderWorld_demo.cpp">
      <Filter>renderer</Filter>
    </ClCompile>
    <ClCompile Include="..\..\JustForFun\RBDOOM-3-BFG\neo\renderer\RenderWorld_load.cpp">
      <Filter>renderer</Filter>
    </ClCompile>
    <ClCompile Include="..\..\JustForFun\RBDOOM-3-BFG\neo\renderer\RenderWorld_portals.cpp">
      <Filter>renderer</Filter>
    </ClCompile>
    <ClCompile Include="..\..\JustForFun\RBDOOM-3-BFG\neo\renderer\ResolutionScale.cpp">
      <Filter>renderer</Filter>
    </ClCompile>
    <ClCompile Include="..\..\JustForFun\RBDOOM-3-BFG\neo\renderer\ScreenRect.cpp">
      <Filter>renderer</Filter>
    </ClCompile>
    <ClCompile Include="..\..\JustForFun\RBDOOM-3-BFG\neo\renderer\VertexCache.cpp">
      <Filter>renderer</Filter>
    </ClCompile>
    <ClCompile Include="..\..\JustForFun\RBDOOM-3-BFG\neo\renderer\tr_backend_draw.cpp">
      <Filter>renderer</Filter>
    </ClCompile>
    <ClCompile Include="..\..\JustForFun\RBDOOM-3-BFG\neo\renderer\tr_backend_rendertools.cpp">
      <Filter>renderer</Filter>
    </ClCompile>
    <ClCompile Include="..\..\JustForFun\RBDOOM-3-BFG\neo\renderer\tr_frontend_addlights.cpp">
      <Filter>renderer</Filter>
    </ClCompile>
    <ClCompile Include="..\..\JustForFun\RBDOOM-3-BFG\neo\renderer\tr_frontend_addmodels.cpp">
      <Filter>renderer</Filter>
    </ClCompile>
    <ClCompile Include="..\..\JustForFun\RBDOOM-3-BFG\neo\renderer\tr_frontend_deform.cpp">
      <Filter>renderer</Filter>
    </ClCompile>
    <ClCompile Include="..\..\JustForFun\RBDOOM-3-BFG\neo\renderer\tr_frontend_guisurf.cpp">
      <Filter>renderer</Filter>
    </ClCompile>
    <ClCompile Include="..\..\JustForFun\RBDOOM-3-BFG\neo\renderer\tr_frontend_main.cpp">
      <Filter>renderer</Filter>
    </ClCompile>
    <ClCompile Include="..\..\JustForFun\RBDOOM-3-BFG\neo\renderer\tr_frontend_subview.cpp">
      <Filter>renderer</Filter>
    </ClCompile>
    <ClCompile Include="..\..\JustForFun\RBDOOM-3-BFG\neo\renderer\tr_trace.cpp">
      <Filter>renderer</Filter>
    </ClCompile>
    <ClCompile Include="..\..\JustForFun\RBDOOM-3-BFG\neo\renderer\tr_trisurf.cpp">
      <Filter>renderer</Filter>
    </ClCompile>
    <ClCompile Include="..\..\JustForFun\RBDOOM-3-BFG\neo\renderer\Color\ColorSpace.cpp">
      <Filter>renderer\Color</Filter>
    </ClCompile>
    <ClCompile Include="..\..\JustForFun\RBDOOM-3-BFG\neo\renderer\DXT\DXTDecoder.cpp">
      <Filter>renderer\DXT</Filter>
    </ClCompile>
    <ClCompile Include="..\..\JustForFun\RBDOOM-3-BFG\neo\renderer\DXT\DXTEncoder.cpp">
      <Filter>renderer\DXT</Filter>
    </ClCompile>
    <ClCompile Include="..\..\JustForFun\RBDOOM-3-BFG\neo\renderer\DXT\DXTEncoder_SSE2.cpp">
      <Filter>renderer\DXT</Filter>
    </ClCompile>
    <ClCompile Include="..\..\JustForFun\RBDOOM-3-BFG\neo\renderer\jobs\ShadowShared.cpp">
      <Filter>renderer\jobs</Filter>
    </ClCompile>
    <ClCompile Include="..\..\JustForFun\RBDOOM-3-BFG\neo\renderer\jobs\dynamicshadowvolume\DynamicShadowVolume.cpp">
      <Filter>renderer\jobs\dynamicshadowvolume</Filter>
    </ClCompile>
    <ClCompile Include="..\..\JustForFun\RBDOOM-3-BFG\neo\renderer\jobs\prelightshadowvolume\PreLightShadowVolume.cpp">
      <Filter>renderer\jobs\prelightshadowvolume</Filter>
    </ClCompile>
    <ClCompile Include="..\..\JustForFun\RBDOOM-3-BFG\neo\renderer\jobs\staticshadowvolume\StaticShadowVolume.cpp">
      <Filter>renderer\jobs\staticshadowvolume</Filter>
    </ClCompile>
    <ClCompile Include="..\..\JustForFun\RBDOOM-3-BFG\neo\renderer\OpenGL\gl_GraphicsAPIWrapper.cpp">
      <Filter>renderer\OpenGL</Filter>
    </ClCompile>
    <ClCompile Include="..\..\JustForFun\RBDOOM-3-BFG\neo\renderer\OpenGL\gl_Image.cpp">
      <Filter>renderer\OpenGL</Filter>
    </ClCompile>
    <ClCompile Include="..\..\JustForFun\RBDOOM-3-BFG\neo\renderer\OpenGL\gl_backend.cpp">
      <Filter>renderer\OpenGL</Filter>
    </ClCompile>
    <ClCompile Include="..\..\JustForFun\RBDOOM-3-BFG\neo\sound\snd_emitter.cpp">
      <Filter>sound</Filter>
    </ClCompile>
    <ClCompile Include="..\..\JustForFun\RBDOOM-3-BFG\neo\sound\snd_shader.cpp">
      <Filter>sound</Filter>
    </ClCompile>
    <ClCompile Include="..\..\JustForFun\RBDOOM-3-BFG\neo\sound\snd_system.cpp">
      <Filter>sound</Filter>
    </ClCompile>
    <ClCompile Include="..\..\JustForFun\RBDOOM-3-BFG\neo\sound\snd_world.cpp">
      <Filter>sound</Filter>
    </ClCompile>
    <ClCompile Include="..\..\JustForFun\RBDOOM-3-BFG\neo\sound\SoundVoice.cpp">
      <Filter>sound</Filter>
    </ClCompile>
    <ClCompile Include="..\..\JustForFun\RBDOOM-3-BFG\neo\sound\WaveFile.cpp">
      <Filter>sound</Filter>
    </ClCompile>
    <ClCompile Include="..\..\JustForFun\RBDOOM-3-BFG\neo\ui\BindWindow.cpp">
      <Filter>ui</Filter>
    </ClCompile>
    <ClCompile Include="..\..\JustForFun\RBDOOM-3-BFG\neo\ui\ChoiceWindow.cpp">
      <Filter>ui</Filter>
    </ClCompile>
    <ClCompile Include="..\..\JustForFun\RBDOOM-3-BFG\neo\ui\DeviceContext.cpp">
      <Filter>ui</Filter>
    </ClCompile>
    <ClCompile Include="..\..\JustForFun\RBDOOM-3-BFG\neo\ui\EditWindow.cpp">
      <Filter>ui</Filter>
    </ClCompile>
    <ClCompile Include="..\..\JustForFun\RBDOOM-3-BFG\neo\ui\FieldWindow.cpp">
      <Filter>ui</Filter>
    </ClCompile>
    <ClCompile Include="..\..\JustForFun\RBDOOM-3-BFG\neo\ui\GameBearShootWindow.cpp">
      <Filter>ui</Filter>
    </ClCompile>
    <ClCompile Include="..\..\JustForFun\RBDOOM-3-BFG\neo\ui\GameBustOutWindow.cpp">
      <Filter>ui</Filter>
    </ClCompile>
    <ClCompile Include="..\..\JustForFun\RBDOOM-3-BFG\neo\ui\GameSSDWindow.cpp">
      <Filter>ui</Filter>
    </ClCompile>
    <ClCompile Include="..\..\JustForFun\RBDOOM-3-BFG\neo\ui\GuiScript.cpp">
      <Filter>ui</Filter>
    </ClCompile>
    <ClCompile Include="..\..\JustForFun\RBDOOM-3-BFG\neo\ui\ListGUI.cpp">
      <Filter>ui</Filter>
    </ClCompile>
    <ClCompile Include="..\..\JustForFun\RBDOOM-3-BFG\neo\ui\ListWindow.cpp">
      <Filter>ui</Filter>
    </ClCompile>
    <ClCompile Include="..\..\JustForFun\RBDOOM-3-BFG\neo\ui\RegExp.cpp">
      <Filter>ui</Filter>
    </ClCompile>
    <ClCompile Include="..\..\JustForFun\RBDOOM-3-BFG\neo\ui\RenderWindow.cpp">
      <Filter>ui</Filter>
    </ClCompile>
    <ClCompile Include="..\..\JustForFun\RBDOOM-3-BFG\neo\ui\SimpleWindow.cpp">
      <Filter>ui</Filter>
    </ClCompile>
    <ClCompile Include="..\..\JustForFun\RBDOOM-3-BFG\neo\ui\SliderWindow.cpp">
      <Filter>ui</Filter>
    </ClCompile>
    <ClCompile Include="..\..\JustForFun\RBDOOM-3-BFG\neo\ui\UserInterface.cpp">
      <Filter>ui</Filter>
    </ClCompile>
    <ClCompile Include="..\..\JustForFun\RBDOOM-3-BFG\neo\ui\Window.cpp">
      <Filter>ui</Filter>
    </ClCompile>
    <ClCompile Include="..\..\JustForFun\RBDOOM-3-BFG\neo\ui\Winvar.cpp">
      <Filter>ui</Filter>
    </ClCompile>
    <ClCompile Include="..\..\JustForFun\RBDOOM-3-BFG\neo\swf\SWF_Bitstream.cpp">
      <Filter>swf</Filter>
    </ClCompile>
    <ClCompile Include="..\..\JustForFun\RBDOOM-3-BFG\neo\swf\SWF_Dictionary.cpp">
      <Filter>swf</Filter>
    </ClCompile>
    <ClCompile Include="..\..\JustForFun\RBDOOM-3-BFG\neo\swf\SWF_Events.cpp">
      <Filter>swf</Filter>
    </ClCompile>
    <ClCompile Include="..\..\JustForFun\RBDOOM-3-BFG\neo\swf\SWF_File.cpp">
      <Filter>swf</Filter>
    </ClCompile>
    <ClCompile Include="..\..\JustForFun\RBDOOM-3-BFG\neo\swf\SWF_Image.cpp">
      <Filter>swf</Filter>
    </ClCompile>
    <ClCompile Include="..\..\JustForFun\RBDOOM-3-BFG\neo\swf\SWF_Load.cpp">
      <Filter>swf</Filter>
    </ClCompile>
    <ClCompile Include="..\..\JustForFun\RBDOOM-3-BFG\neo\swf\SWF_Main.cpp">
      <Filter>swf</Filter>
    </ClCompile>
    <ClCompile Include="..\..\JustForFun\RBDOOM-3-BFG\neo\swf\SWF_Names.cpp">
      <Filter>swf</Filter>
    </ClCompile>
    <ClCompile Include="..\..\JustForFun\RBDOOM-3-BFG\neo\swf\SWF_ParmList.cpp">
      <Filter>swf</Filter>
    </ClCompile>
    <ClCompile Include="..\..\JustForFun\RBDOOM-3-BFG\neo\swf\SWF_PlaceObject.cpp">
      <Filter>swf</Filter>
    </ClCompile>
    <ClCompile Include="..\..\JustForFun\RBDOOM-3-BFG\neo\swf\SWF_Render.cpp">
      <Filter>swf</Filter>
    </ClCompile>
    <ClCompile Include="..\..\JustForFun\RBDOOM-3-BFG\neo\swf\SWF_ScriptFunction.cpp">
      <Filter>swf</Filter>
    </ClCompile>
    <ClCompile Include="..\..\JustForFun\RBDOOM-3-BFG\neo\swf\SWF_ScriptObject.cpp">
      <Filter>swf</Filter>
    </ClCompile>
    <ClCompile Include="..\..\JustForFun\RBDOOM-3-BFG\neo\swf\SWF_ScriptVar.cpp">
      <Filter>swf</Filter>
    </ClCompile>
    <ClCompile Include="..\..\JustForFun\RBDOOM-3-BFG\neo\swf\SWF_ShapeParser.cpp">
      <Filter>swf</Filter>
    </ClCompile>
    <ClCompile Include="..\..\JustForFun\RBDOOM-3-BFG\neo\swf\SWF_Shapes.cpp">
      <Filter>swf</Filter>
    </ClCompile>
    <ClCompile Include="..\..\JustForFun\RBDOOM-3-BFG\neo\swf\SWF_Sounds.cpp">
      <Filter>swf</Filter>
    </ClCompile>
    <ClCompile Include="..\..\JustForFun\RBDOOM-3-BFG\neo\swf\SWF_SpriteInstance.cpp">
      <Filter>swf</Filter>
    </ClCompile>
    <ClCompile Include="..\..\JustForFun\RBDOOM-3-BFG\neo\swf\SWF_Sprites.cpp">
      <Filter>swf</Filter>
    </ClCompile>
    <ClCompile Include="..\..\JustForFun\RBDOOM-3-BFG\neo\swf\SWF_Text.cpp">
      <Filter>swf</Filter>
    </ClCompile>
    <ClCompile Include="..\..\JustForFun\RBDOOM-3-BFG\neo\swf\SWF_TextInstance.cpp">
      <Filter>swf</Filter>
    </ClCompile>
    <ClCompile Include="..\..\JustForFun\RBDOOM-3-BFG\neo\swf\SWF_Zlib.cpp">
      <Filter>swf</Filter>
    </ClCompile>
    <ClCompile Include="..\..\JustForFun\RBDOOM-3-BFG\neo\sys\common\achievements.cpp">
      <Filter>sys\common</Filter>
    </ClCompile>
    <ClCompile Include="..\..\JustForFun\RBDOOM-3-BFG\neo\sys\common\localuser.cpp">
      <Filter>sys\common</Filter>
    </ClCompile>
    <ClCompile Include="..\..\JustForFun\RBDOOM-3-BFG\neo\sys\common\savegame.cpp">
      <Filter>sys\common</Filter>
    </ClCompile>
    <ClCompile Include="..\..\JustForFun\RBDOOM-3-BFG\neo\sys\common\session_local.cpp">
      <Filter>sys\common</Filter>
    </ClCompile>
    <ClCompile Include="..\..\JustForFun\RBDOOM-3-BFG\neo\sys\common\signin.cpp">
      <Filter>sys\common</Filter>
    </ClCompile>
    <ClCompile Include="..\..\JustForFun\RBDOOM-3-BFG\neo\sys\common\socket_net.cpp">
      <Filter>sys\common</Filter>
    </ClCompile>
    <ClCompile Include="..\..\JustForFun\RBDOOM-3-BFG\neo\sound\XAudio2\XA2_SoundHardware.cpp">
      <Filter>sound\XAudio2</Filter>
    </ClCompile>
    <ClCompile Include="..\..\JustForFun\RBDOOM-3-BFG\neo\sound\XAudio2\XA2_SoundSample.cpp">
      <Filter>sound\XAudio2</Filter>
    </ClCompile>
    <ClCompile Include="..\..\JustForFun\RBDOOM-3-BFG\neo\sound\XAudio2\XA2_SoundVoice.cpp">
      <Filter>sound\XAudio2</Filter>
    </ClCompile>
    <ClCompile Include="..\..\JustForFun\RBDOOM-3-BFG\neo\sys\LightweightCompression.cpp">
      <Filter>sys</Filter>
    </ClCompile>
    <ClCompile Include="..\..\JustForFun\RBDOOM-3-BFG\neo\sys\PacketProcessor.cpp">
      <Filter>sys</Filter>
    </ClCompile>
    <ClCompile Include="..\..\JustForFun\RBDOOM-3-BFG\neo\sys\Snapshot.cpp">
      <Filter>sys</Filter>
    </ClCompile>
    <ClCompile Include="..\..\JustForFun\RBDOOM-3-BFG\neo\sys\SnapshotProcessor.cpp">
      <Filter>sys</Filter>
    </ClCompile>
    <ClCompile Include="..\..\JustForFun\RBDOOM-3-BFG\neo\sys\Snapshot_Jobs.cpp">
      <Filter>sys</Filter>
    </ClCompile>
    <ClCompile Include="..\..\JustForFun\RBDOOM-3-BFG\neo\sys\sys_achievements.cpp">
      <Filter>sys</Filter>
    </ClCompile>
    <ClCompile Include="..\..\JustForFun\RBDOOM-3-BFG\neo\sys\sys_dedicated_server_search.cpp">
      <Filter>sys</Filter>
    </ClCompile>
    <ClCompile Include="..\..\JustForFun\RBDOOM-3-BFG\neo\sys\sys_lobby.cpp">
      <Filter>sys</Filter>
    </ClCompile>
    <ClCompile Include="..\..\JustForFun\RBDOOM-3-BFG\neo\sys\sys_lobby_backend_direct.cpp">
      <Filter>sys</Filter>
    </ClCompile>
    <ClCompile Include="..\..\JustForFun\RBDOOM-3-BFG\neo\sys\sys_lobby_migrate.cpp">
      <Filter>sys</Filter>
    </ClCompile>
    <ClCompile Include="..\..\JustForFun\RBDOOM-3-BFG\neo\sys\sys_lobby_snapshot.cpp">
      <Filter>sys</Filter>
    </ClCompile>
    <ClCompile Include="..\..\JustForFun\RBDOOM-3-BFG\neo\sys\sys_lobby_users.cpp">
      <Filter>sys</Filter>
    </ClCompile>
    <ClCompile Include="..\..\JustForFun\RBDOOM-3-BFG\neo\sys\sys_local.cpp">
      <Filter>sys</Filter>
    </ClCompile>
    <ClCompile Include="..\..\JustForFun\RBDOOM-3-BFG\neo\sys\sys_localuser.cpp">
      <Filter>sys</Filter>
    </ClCompile>
    <ClCompile Include="..\..\JustForFun\RBDOOM-3-BFG\neo\sys\sys_profile.cpp">
      <Filter>sys</Filter>
    </ClCompile>
    <ClCompile Include="..\..\JustForFun\RBDOOM-3-BFG\neo\sys\sys_savegame.cpp">
      <Filter>sys</Filter>
    </ClCompile>
    <ClCompile Include="..\..\JustForFun\RBDOOM-3-BFG\neo\sys\sys_session_callbacks.cpp">
      <Filter>sys</Filter>
    </ClCompile>
    <ClCompile Include="..\..\JustForFun\RBDOOM-3-BFG\neo\sys\sys_session_local.cpp">
      <Filter>sys</Filter>
    </ClCompile>
    <ClCompile Include="..\..\JustForFun\RBDOOM-3-BFG\neo\sys\sys_session_savegames.cpp">
      <Filter>sys</Filter>
    </ClCompile>
    <ClCompile Include="..\..\JustForFun\RBDOOM-3-BFG\neo\sys\sys_signin.cpp">
      <Filter>sys</Filter>
    </ClCompile>
    <ClCompile Include="..\..\JustForFun\RBDOOM-3-BFG\neo\sys\sys_voicechat.cpp">
      <Filter>sys</Filter>
    </ClCompile>
    <ClCompile Include="..\..\JustForFun\RBDOOM-3-BFG\neo\sys\win32\win_glimp.cpp">
      <Filter>sys\win32</Filter>
    </ClCompile>
    <ClCompile Include="..\..\JustForFun\RBDOOM-3-BFG\neo\sys\win32\win_input.cpp">
      <Filter>sys\win32</Filter>
    </ClCompile>
    <ClCompile Include="..\..\JustForFun\RBDOOM-3-BFG\neo\sys\win32\win_main.cpp">
      <Filter>sys\win32</Filter>
    </ClCompile>
    <ClCompile Include="..\..\JustForFun\RBDOOM-3-BFG\neo\sys\win32\win_shared.cpp">
      <Filter>sys\win32</Filter>
    </ClCompile>
    <ClCompile Include="..\..\JustForFun\RBDOOM-3-BFG\neo\sys\win32\win_snd.cpp">
      <Filter>sys\win32</Filter>
    </ClCompile>
    <ClCompile Include="..\..\JustForFun\RBDOOM-3-BFG\neo\sys\win32\win_syscon.cpp">
      <Filter>sys\win32</Filter>
    </ClCompile>
    <ClCompile Include="..\..\JustForFun\RBDOOM-3-BFG\neo\sys\win32\win_taskkeyhook.cpp">
      <Filter>sys\win32</Filter>
    </ClCompile>
    <ClCompile Include="..\..\JustForFun\RBDOOM-3-BFG\neo\sys\win32\win_wndproc.cpp">
      <Filter>sys\win32</Filter>
    </ClCompile>
    <ClCompile Include="..\..\JustForFun\RBDOOM-3-BFG\neo\sys\win32\win_cpu.cpp">
      <Filter>sys\win32</Filter>
    </ClCompile>
  </ItemGroup>
  <ItemGroup>
    <ClInclude Include="..\..\JustForFun\RBDOOM-3-BFG\neo\aas\AASFile.h">
      <Filter>aas</Filter>
    </ClInclude>
    <ClInclude Include="..\..\JustForFun\RBDOOM-3-BFG\neo\aas\AASFileManager.h">
      <Filter>aas</Filter>
    </ClInclude>
    <ClInclude Include="..\..\JustForFun\RBDOOM-3-BFG\neo\aas\AASFile_local.h">
      <Filter>aas</Filter>
    </ClInclude>
    <ClInclude Include="..\..\JustForFun\RBDOOM-3-BFG\neo\cm\CollisionModel.h">
      <Filter>collisionmodel</Filter>
    </ClInclude>
    <ClInclude Include="..\..\JustForFun\RBDOOM-3-BFG\neo\cm\CollisionModel_local.h">
      <Filter>collisionmodel</Filter>
    </ClInclude>
    <ClInclude Include="..\..\JustForFun\RBDOOM-3-BFG\neo\framework\BuildVersion.h">
      <Filter>framework</Filter>
    </ClInclude>
    <ClInclude Include="..\..\JustForFun\RBDOOM-3-BFG\neo\framework\CVarSystem.h">
      <Filter>framework</Filter>
    </ClInclude>
    <ClInclude Include="..\..\JustForFun\RBDOOM-3-BFG\neo\framework\CmdSystem.h">
      <Filter>framework</Filter>
    </ClInclude>
    <ClInclude Include="..\..\JustForFun\RBDOOM-3-BFG\neo\framework\Common.h">
      <Filter>framework</Filter>
    </ClInclude>
    <ClInclude Include="..\..\JustForFun\RBDOOM-3-BFG\neo\framework\Common_dialog.h">
      <Filter>framework</Filter>
    </ClInclude>
    <ClInclude Include="..\..\JustForFun\RBDOOM-3-BFG\neo\framework\Common_local.h">
      <Filter>framework</Filter>
    </ClInclude>
    <ClInclude Include="..\..\JustForFun\RBDOOM-3-BFG\neo\framework\Compressor.h">
      <Filter>framework</Filter>
    </ClInclude>
    <ClInclude Include="..\..\JustForFun\RBDOOM-3-BFG\neo\framework\Console.h">
      <Filter>framework</Filter>
    </ClInclude>
    <ClInclude Include="..\..\JustForFun\RBDOOM-3-BFG\neo\framework\ConsoleHistory.h">
      <Filter>framework</Filter>
    </ClInclude>
    <ClInclude Include="..\..\JustForFun\RBDOOM-3-BFG\neo\framework\DebugGraph.h">
      <Filter>framework</Filter>
    </ClInclude>
    <ClInclude Include="..\..\JustForFun\RBDOOM-3-BFG\neo\framework\DeclAF.h">
      <Filter>framework</Filter>
    </ClInclude>
    <ClInclude Include="..\..\JustForFun\RBDOOM-3-BFG\neo\framework\DeclEntityDef.h">
      <Filter>framework</Filter>
    </ClInclude>
    <ClInclude Include="..\..\JustForFun\RBDOOM-3-BFG\neo\framework\DeclFX.h">
      <Filter>framework</Filter>
    </ClInclude>
    <ClInclude Include="..\..\JustForFun\RBDOOM-3-BFG\neo\framework\DeclManager.h">
      <Filter>framework</Filter>
    </ClInclude>
    <ClInclude Include="..\..\JustForFun\RBDOOM-3-BFG\neo\framework\DeclPDA.h">
      <Filter>framework</Filter>
    </ClInclude>
    <ClInclude Include="..\..\JustForFun\RBDOOM-3-BFG\neo\framework\DeclParticle.h">
      <Filter>framework</Filter>
    </ClInclude>
    <ClInclude Include="..\..\JustForFun\RBDOOM-3-BFG\neo\framework\DeclSkin.h">
      <Filter>framework</Filter>
    </ClInclude>
    <ClInclude Include="..\..\JustForFun\RBDOOM-3-BFG\neo\framework\DeclTable.h">
      <Filter>framework</Filter>
    </ClInclude>
    <ClInclude Include="..\..\JustForFun\RBDOOM-3-BFG\neo\framework\DemoChecksum.h">
      <Filter>framework</Filter>
    </ClInclude>
    <ClInclude Include="..\..\JustForFun\RBDOOM-3-BFG\neo\framework\DemoFile.h">
      <Filter>framework</Filter>
    </ClInclude>
    <ClInclude Include="..\..\JustForFun\RBDOOM-3-BFG\neo\framework\EditField.h">
      <Filter>framework</Filter>
    </ClInclude>
    <ClInclude Include="..\..\JustForFun\RBDOOM-3-BFG\neo\framework\EventLoop.h">
      <Filter>framework</Filter>
    </ClInclude>
    <ClInclude Include="..\..\JustForFun\RBDOOM-3-BFG\neo\framework\File.h">
      <Filter>framework</Filter>
    </ClInclude>
    <ClInclude Include="..\..\JustForFun\RBDOOM-3-BFG\neo\framework\FileSystem.h">
      <Filter>framework</Filter>
    </ClInclude>
    <ClInclude Include="..\..\JustForFun\RBDOOM-3-BFG\neo\framework\File_Manifest.h">
      <Filter>framework</Filter>
    </ClInclude>
    <ClInclude Include="..\..\JustForFun\RBDOOM-3-BFG\neo\framework\File_Resource.h">
      <Filter>framework</Filter>
    </ClInclude>
    <ClInclude Include="..\..\JustForFun\RBDOOM-3-BFG\neo\framework\File_SaveGame.h">
      <Filter>framework</Filter>
    </ClInclude>
    <ClInclude Include="..\..\JustForFun\RBDOOM-3-BFG\neo\framework\KeyInput.h">
      <Filter>framework</Filter>
    </ClInclude>
    <ClInclude Include="..\..\JustForFun\RBDOOM-3-BFG\neo\framework\Licensee.h">
      <Filter>framework</Filter>
    </ClInclude>
    <ClInclude Include="..\..\JustForFun\RBDOOM-3-BFG\neo\framework\PlayerProfile.h">
      <Filter>framework</Filter>
    </ClInclude>
    <ClInclude Include="..\..\JustForFun\RBDOOM-3-BFG\neo\framework\Serializer.h">
      <Filter>framework</Filter>
    </ClInclude>
    <ClInclude Include="..\..\JustForFun\RBDOOM-3-BFG\neo\framework\TokenParser.h">
      <Filter>framework</Filter>
    </ClInclude>
    <ClInclude Include="..\..\JustForFun\RBDOOM-3-BFG\neo\framework\Unzip.h">
      <Filter>framework</Filter>
    </ClInclude>
    <ClInclude Include="..\..\JustForFun\RBDOOM-3-BFG\neo\framework\UsercmdGen.h">
      <Filter>framework</Filter>
    </ClInclude>
    <ClInclude Include="..\..\JustForFun\RBDOOM-3-BFG\neo\framework\Zip.h">
      <Filter>framework</Filter>
    </ClInclude>
    <ClInclude Include="..\..\JustForFun\RBDOOM-3-BFG\neo\renderer\BinaryImage.h">
      <Filter>renderer</Filter>
    </ClInclude>
    <ClInclude Include="..\..\JustForFun\RBDOOM-3-BFG\neo\renderer\BinaryImageData.h">
      <Filter>renderer</Filter>
    </ClInclude>
    <ClInclude Include="..\..\JustForFun\RBDOOM-3-BFG\neo\renderer\BoundsTrack.h">
      <Filter>renderer</Filter>
    </ClInclude>
    <ClInclude Include="..\..\JustForFun\RBDOOM-3-BFG\neo\renderer\BufferObject.h">
      <Filter>renderer</Filter>
    </ClInclude>
    <ClInclude Include="..\..\JustForFun\RBDOOM-3-BFG\neo\renderer\Cinematic.h">
      <Filter>renderer</Filter>
    </ClInclude>
    <ClInclude Include="..\..\JustForFun\RBDOOM-3-BFG\neo\renderer\Font.h">
      <Filter>renderer</Filter>
    </ClInclude>
    <ClInclude Include="..\..\JustForFun\RBDOOM-3-BFG\neo\renderer\Framebuffer.h">
      <Filter>renderer</Filter>
    </ClInclude>
    <ClInclude Include="..\..\JustForFun\RBDOOM-3-BFG\neo\renderer\GLMatrix.h">
      <Filter>renderer</Filter>
    </ClInclude>
    <ClInclude Include="..\..\JustForFun\RBDOOM-3-BFG\neo\renderer\GLState.h">
      <Filter>renderer</Filter>
    </ClInclude>
    <ClInclude Include="..\..\JustForFun\RBDOOM-3-BFG\neo\renderer\GraphicsAPIWrapper.h">
      <Filter>renderer</Filter>
    </ClInclude>
    <ClInclude Include="..\..\JustForFun\RBDOOM-3-BFG\neo\renderer\GuiModel.h">
      <Filter>renderer</Filter>
    </ClInclude>
    <ClInclude Include="..\..\JustForFun\RBDOOM-3-BFG\neo\renderer\Image.h">
      <Filter>renderer</Filter>
    </ClInclude>
    <ClInclude Include="..\..\JustForFun\RBDOOM-3-BFG\neo\renderer\ImageOpts.h">
      <Filter>renderer</Filter>
    </ClInclude>
    <ClInclude Include="..\..\JustForFun\RBDOOM-3-BFG\neo\renderer\Interaction.h">
      <Filter>renderer</Filter>
    </ClInclude>
    <ClInclude Include="..\..\JustForFun\RBDOOM-3-BFG\neo\renderer\Material.h">
      <Filter>renderer</Filter>
    </ClInclude>
    <ClInclude Include="..\..\JustForFun\RBDOOM-3-BFG\neo\renderer\Model.h">
      <Filter>renderer</Filter>
    </ClInclude>
    <ClInclude Include="..\..\JustForFun\RBDOOM-3-BFG\neo\renderer\ModelDecal.h">
      <Filter>renderer</Filter>
    </ClInclude>
    <ClInclude Include="..\..\JustForFun\RBDOOM-3-BFG\neo\renderer\ModelManager.h">
      <Filter>renderer</Filter>
    </ClInclude>
    <ClInclude Include="..\..\JustForFun\RBDOOM-3-BFG\neo\renderer\ModelOverlay.h">
      <Filter>renderer</Filter>
    </ClInclude>
    <ClInclude Include="..\..\JustForFun\RBDOOM-3-BFG\neo\renderer\Model_ColladaHelper.h">
      <Filter>renderer</Filter>
    </ClInclude>
    <ClInclude Include="..\..\JustForFun\RBDOOM-3-BFG\neo\renderer\Model_ColladaParser.h">
      <Filter>renderer</Filter>
    </ClInclude>
    <ClInclude Include="..\..\JustForFun\RBDOOM-3-BFG\neo\renderer\Model_ase.h">
      <Filter>renderer</Filter>
    </ClInclude>
    <ClInclude Include="..\..\JustForFun\RBDOOM-3-BFG\neo\renderer\Model_local.h">
      <Filter>renderer</Filter>
    </ClInclude>
    <ClInclude Include="..\..\JustForFun\RBDOOM-3-BFG\neo\renderer\Model_lwo.h">
      <Filter>renderer</Filter>
    </ClInclude>
    <ClInclude Include="..\..\JustForFun\RBDOOM-3-BFG\neo\renderer\Model_ma.h">
      <Filter>renderer</Filter>
    </ClInclude>
    <ClInclude Include="..\..\JustForFun\RBDOOM-3-BFG\neo\renderer\Model_md3.h">
      <Filter>renderer</Filter>
    </ClInclude>
    <ClInclude Include="..\..\JustForFun\RBDOOM-3-BFG\neo\renderer\RenderContext.h">
      <Filter>renderer</Filter>
    </ClInclude>
    <ClInclude Include="..\..\JustForFun\RBDOOM-3-BFG\neo\renderer\RenderLog.h">
      <Filter>renderer</Filter>
    </ClInclude>
    <ClInclude Include="..\..\JustForFun\RBDOOM-3-BFG\neo\renderer\RenderProgs.h">
      <Filter>renderer</Filter>
    </ClInclude>
    <ClInclude Include="..\..\JustForFun\RBDOOM-3-BFG\neo\renderer\RenderProgs_embedded.h">
      <Filter>renderer</Filter>
    </ClInclude>
    <ClInclude Include="..\..\JustForFun\RBDOOM-3-BFG\neo\renderer\RenderSystem.h">
      <Filter>renderer</Filter>
    </ClInclude>
    <ClInclude Include="..\..\JustForFun\RBDOOM-3-BFG\neo\renderer\RenderWorld.h">
      <Filter>renderer</Filter>
    </ClInclude>
    <ClInclude Include="..\..\JustForFun\RBDOOM-3-BFG\neo\renderer\RenderWorld_local.h">
      <Filter>renderer</Filter>
    </ClInclude>
    <ClInclude Include="..\..\JustForFun\RBDOOM-3-BFG\neo\renderer\ResolutionScale.h">
      <Filter>renderer</Filter>
    </ClInclude>
    <ClInclude Include="..\..\JustForFun\RBDOOM-3-BFG\neo\renderer\ScreenRect.h">
      <Filter>renderer</Filter>
    </ClInclude>
    <ClInclude Include="..\..\JustForFun\RBDOOM-3-BFG\neo\renderer\VertexCache.h">
      <Filter>renderer</Filter>
    </ClInclude>
    <ClInclude Include="..\..\JustForFun\RBDOOM-3-BFG\neo\renderer\simplex.h">
      <Filter>renderer</Filter>
    </ClInclude>
    <ClInclude Include="..\..\JustForFun\RBDOOM-3-BFG\neo\renderer\tr_local.h">
      <Filter>renderer</Filter>
    </ClInclude>
    <ClInclude Include="..\..\JustForFun\RBDOOM-3-BFG\neo\renderer\Color\ColorSpace.h">
      <Filter>renderer\Color</Filter>
    </ClInclude>
    <ClInclude Include="..\..\JustForFun\RBDOOM-3-BFG\neo\renderer\DXT\DXTCodec.h">
      <Filter>renderer\DXT</Filter>
    </ClInclude>
    <ClInclude Include="..\..\JustForFun\RBDOOM-3-BFG\neo\renderer\DXT\DXTCodec_local.h">
      <Filter>renderer\DXT</Filter>
    </ClInclude>
    <ClInclude Include="..\..\JustForFun\RBDOOM-3-BFG\neo\renderer\jobs\ShadowShared.h">
      <Filter>renderer\jobs</Filter>
    </ClInclude>
    <ClInclude Include="..\..\JustForFun\RBDOOM-3-BFG\neo\renderer\jobs\dynamicshadowvolume\DynamicShadowVolume.h">
      <Filter>renderer\jobs\dynamicshadowvolume</Filter>
    </ClInclude>
    <ClInclude Include="..\..\JustForFun\RBDOOM-3-BFG\neo\renderer\jobs\dynamicshadowvolume\DynamicShadowVolume_local.h">
      <Filter>renderer\jobs\dynamicshadowvolume</Filter>
    </ClInclude>
    <ClInclude Include="..\..\JustForFun\RBDOOM-3-BFG\neo\renderer\jobs\prelightshadowvolume\PreLightShadowVolume.h">
      <Filter>renderer\jobs\prelightshadowvolume</Filter>
    </ClInclude>
    <ClInclude Include="..\..\JustForFun\RBDOOM-3-BFG\neo\renderer\jobs\prelightshadowvolume\PreLightShadowVolume_local.h">
      <Filter>renderer\jobs\prelightshadowvolume</Filter>
    </ClInclude>
    <ClInclude Include="..\..\JustForFun\RBDOOM-3-BFG\neo\renderer\jobs\staticshadowvolume\StaticShadowVolume.h">
      <Filter>renderer\jobs\staticshadowvolume</Filter>
    </ClInclude>
    <ClInclude Include="..\..\JustForFun\RBDOOM-3-BFG\neo\renderer\jobs\staticshadowvolume\StaticShadowVolume_local.h">
      <Filter>renderer\jobs\staticshadowvolume</Filter>
    </ClInclude>
    <ClInclude Include="..\..\JustForFun\RBDOOM-3-BFG\neo\renderer\SMAA\AreaTex.h">
      <Filter>renderer\SMAA</Filter>
    </ClInclude>
    <ClInclude Include="..\..\JustForFun\RBDOOM-3-BFG\neo\renderer\SMAA\SearchTex.h">
      <Filter>renderer\SMAA</Filter>
    </ClInclude>
    <ClInclude Include="..\..\JustForFun\RBDOOM-3-BFG\neo\sound\snd_local.h">
      <Filter>sound</Filter>
    </ClInclude>
    <ClInclude Include="..\..\JustForFun\RBDOOM-3-BFG\neo\sound\sound.h">
      <Filter>sound</Filter>
    </ClInclude>
    <ClInclude Include="..\..\JustForFun\RBDOOM-3-BFG\neo\sound\SoundVoice.h">
      <Filter>sound</Filter>
    </ClInclude>
    <ClInclude Include="..\..\JustForFun\RBDOOM-3-BFG\neo\sound\WaveFile.h">
      <Filter>sound</Filter>
    </ClInclude>
    <ClInclude Include="..\..\JustForFun\RBDOOM-3-BFG\neo\ui\BindWindow.h">
      <Filter>ui</Filter>
    </ClInclude>
    <ClInclude Include="..\..\JustForFun\RBDOOM-3-BFG\neo\ui\ChoiceWindow.h">
      <Filter>ui</Filter>
    </ClInclude>
    <ClInclude Include="..\..\JustForFun\RBDOOM-3-BFG\neo\ui\DeviceContext.h">
      <Filter>ui</Filter>
    </ClInclude>
    <ClInclude Include="..\..\JustForFun\RBDOOM-3-BFG\neo\ui\EditWindow.h">
      <Filter>ui</Filter>
    </ClInclude>
    <ClInclude Include="..\..\JustForFun\RBDOOM-3-BFG\neo\ui\FieldWindow.h">
      <Filter>ui</Filter>
    </ClInclude>
    <ClInclude Include="..\..\JustForFun\RBDOOM-3-BFG\neo\ui\GameBearShootWindow.h">
      <Filter>ui</Filter>
    </ClInclude>
    <ClInclude Include="..\..\JustForFun\RBDOOM-3-BFG\neo\ui\GameBustOutWindow.h">
      <Filter>ui</Filter>
    </ClInclude>
    <ClInclude Include="..\..\JustForFun\RBDOOM-3-BFG\neo\ui\GameSSDWindow.h">
      <Filter>ui</Filter>
    </ClInclude>
    <ClInclude Include="..\..\JustForFun\RBDOOM-3-BFG\neo\ui\GuiScript.h">
      <Filter>ui</Filter>
    </ClInclude>
    <ClInclude Include="..\..\JustForFun\RBDOOM-3-BFG\neo\ui\ListGUI.h">
      <Filter>ui</Filter>
    </ClInclude>
    <ClInclude Include="..\..\JustForFun\RBDOOM-3-BFG\neo\ui\ListGUILocal.h">
      <Filter>ui</Filter>
    </ClInclude>
    <ClInclude Include="..\..\JustForFun\RBDOOM-3-BFG\neo\ui\ListWindow.h">
      <Filter>ui</Filter>
    </ClInclude>
    <ClInclude Include="..\..\JustForFun\RBDOOM-3-BFG\neo\ui\Rectangle.h">
      <Filter>ui</Filter>
    </ClInclude>
    <ClInclude Include="..\..\JustForFun\RBDOOM-3-BFG\neo\ui\RegExp.h">
      <Filter>ui</Filter>
    </ClInclude>
    <ClInclude Include="..\..\JustForFun\RBDOOM-3-BFG\neo\ui\RegExp_old.h">
      <Filter>ui</Filter>
    </ClInclude>
    <ClInclude Include="..\..\JustForFun\RBDOOM-3-BFG\neo\ui\RenderWindow.h">
      <Filter>ui</Filter>
    </ClInclude>
    <ClInclude Include="..\..\JustForFun\RBDOOM-3-BFG\neo\ui\SimpleWindow.h">
      <Filter>ui</Filter>
    </ClInclude>
    <ClInclude Include="..\..\JustForFun\RBDOOM-3-BFG\neo\ui\SliderWindow.h">
      <Filter>ui</Filter>
    </ClInclude>
    <ClInclude Include="..\..\JustForFun\RBDOOM-3-BFG\neo\ui\UserInterface.h">
      <Filter>ui</Filter>
    </ClInclude>
    <ClInclude Include="..\..\JustForFun\RBDOOM-3-BFG\neo\ui\UserInterfaceLocal.h">
      <Filter>ui</Filter>
    </ClInclude>
    <ClInclude Include="..\..\JustForFun\RBDOOM-3-BFG\neo\ui\Window.h">
      <Filter>ui</Filter>
    </ClInclude>
    <ClInclude Include="..\..\JustForFun\RBDOOM-3-BFG\neo\ui\Winvar.h">
      <Filter>ui</Filter>
    </ClInclude>
    <ClInclude Include="..\..\JustForFun\RBDOOM-3-BFG\neo\swf\SWF.h">
      <Filter>swf</Filter>
    </ClInclude>
    <ClInclude Include="..\..\JustForFun\RBDOOM-3-BFG\neo\swf\SWF_Bitstream.h">
      <Filter>swf</Filter>
    </ClInclude>
    <ClInclude Include="..\..\JustForFun\RBDOOM-3-BFG\neo\swf\SWF_Enums.h">
      <Filter>swf</Filter>
    </ClInclude>
    <ClInclude Include="..\..\JustForFun\RBDOOM-3-BFG\neo\swf\SWF_File.h">
      <Filter>swf</Filter>
    </ClInclude>
    <ClInclude Include="..\..\JustForFun\RBDOOM-3-BFG\neo\swf\SWF_ParmList.h">
      <Filter>swf</Filter>
    </ClInclude>
    <ClInclude Include="..\..\JustForFun\RBDOOM-3-BFG\neo\swf\SWF_ScriptFunction.h">
      <Filter>swf</Filter>
    </ClInclude>
    <ClInclude Include="..\..\JustForFun\RBDOOM-3-BFG\neo\swf\SWF_ScriptObject.h">
      <Filter>swf</Filter>
    </ClInclude>
    <ClInclude Include="..\..\JustForFun\RBDOOM-3-BFG\neo\swf\SWF_ScriptVar.h">
      <Filter>swf</Filter>
    </ClInclude>
    <ClInclude Include="..\..\JustForFun\RBDOOM-3-BFG\neo\swf\SWF_ShapeParser.h">
      <Filter>swf</Filter>
    </ClInclude>
    <ClInclude Include="..\..\JustForFun\RBDOOM-3-BFG\neo\swf\SWF_SpriteInstance.h">
      <Filter>swf</Filter>
    </ClInclude>
    <ClInclude Include="..\..\JustForFun\RBDOOM-3-BFG\neo\swf\SWF_Sprites.h">
      <Filter>swf</Filter>
    </ClInclude>
    <ClInclude Include="..\..\JustForFun\RBDOOM-3-BFG\neo\swf\SWF_TextInstance.h">
      <Filter>swf</Filter>
    </ClInclude>
    <ClInclude Include="..\..\JustForFun\RBDOOM-3-BFG\neo\swf\SWF_Types.h">
      <Filter>swf</Filter>
    </ClInclude>
    <ClInclude Include="..\..\JustForFun\RBDOOM-3-BFG\neo\sys\common\achievements.h">
      <Filter>sys\common</Filter>
    </ClInclude>
    <ClInclude Include="..\..\JustForFun\RBDOOM-3-BFG\neo\sys\common\localuser.h">
      <Filter>sys\common</Filter>
    </ClInclude>
    <ClInclude Include="..\..\JustForFun\RBDOOM-3-BFG\neo\sys\common\signin.h">
      <Filter>sys\common</Filter>
    </ClInclude>
    <ClInclude Include="..\..\JustForFun\RBDOOM-3-BFG\neo\tools\compilers\compiler_public.h">
      <Filter>tools\compilers</Filter>
    </ClInclude>
    <ClInclude Include="..\..\JustForFun\RBDOOM-3-BFG\neo\tools\compilers\aas\AASBuild_local.h">
      <Filter>tools\compilers\aas</Filter>
    </ClInclude>
    <ClInclude Include="..\..\JustForFun\RBDOOM-3-BFG\neo\tools\compilers\aas\AASCluster.h">
      <Filter>tools\compilers\aas</Filter>
    </ClInclude>
    <ClInclude Include="..\..\JustForFun\RBDOOM-3-BFG\neo\tools\compilers\aas\AASReach.h">
      <Filter>tools\compilers\aas</Filter>
    </ClInclude>
    <ClInclude Include="..\..\JustForFun\RBDOOM-3-BFG\neo\tools\compilers\aas\Brush.h">
      <Filter>tools\compilers\aas</Filter>
    </ClInclude>
    <ClInclude Include="..\..\JustForFun\RBDOOM-3-BFG\neo\tools\compilers\aas\BrushBSP.h">
      <Filter>tools\compilers\aas</Filter>
    </ClInclude>
    <ClInclude Include="..\..\JustForFun\RBDOOM-3-BFG\neo\tools\compilers\dmap\dmap.h">
      <Filter>tools\compilers\dmap</Filter>
    </ClInclude>
    <ClInclude Include="..\..\JustForFun\RBDOOM-3-BFG\neo\sound\XAudio2\XA2_SoundHardware.h">
      <Filter>sound\XAudio2</Filter>
    </ClInclude>
    <ClInclude Include="..\..\JustForFun\RBDOOM-3-BFG\neo\sound\XAudio2\XA2_SoundSample.h">
      <Filter>sound\XAudio2</Filter>
    </ClInclude>
    <ClInclude Include="..\..\JustForFun\RBDOOM-3-BFG\neo\sound\XAudio2\XA2_SoundVoice.h">
      <Filter>sound\XAudio2</Filter>
    </ClInclude>
    <ClInclude Include="..\..\JustForFun\RBDOOM-3-BFG\neo\sys\LightweightCompression.h">
      <Filter>sys</Filter>
    </ClInclude>
    <ClInclude Include="..\..\JustForFun\RBDOOM-3-BFG\neo\sys\PacketProcessor.h">
      <Filter>sys</Filter>
    </ClInclude>
    <ClInclude Include="..\..\JustForFun\RBDOOM-3-BFG\neo\sys\Snapshot.h">
      <Filter>sys</Filter>
    </ClInclude>
    <ClInclude Include="..\..\JustForFun\RBDOOM-3-BFG\neo\sys\SnapshotProcessor.h">
      <Filter>sys</Filter>
    </ClInclude>
    <ClInclude Include="..\..\JustForFun\RBDOOM-3-BFG\neo\sys\Snapshot_Jobs.h">
      <Filter>sys</Filter>
    </ClInclude>
    <ClInclude Include="..\..\JustForFun\RBDOOM-3-BFG\neo\sys\sys_achievements.h">
      <Filter>sys</Filter>
    </ClInclude>
    <ClInclude Include="..\..\JustForFun\RBDOOM-3-BFG\neo\sys\sys_dedicated_server_search.h">
      <Filter>sys</Filter>
    </ClInclude>
    <ClInclude Include="..\..\JustForFun\RBDOOM-3-BFG\neo\sys\sys_leaderboards.h">
      <Filter>sys</Filter>
    </ClInclude>
    <ClInclude Include="..\..\JustForFun\RBDOOM-3-BFG\neo\sys\sys_lobby.h">
      <Filter>sys</Filter>
    </ClInclude>
    <ClInclude Include="..\..\JustForFun\RBDOOM-3-BFG\neo\sys\sys_lobby_backend.h">
      <Filter>sys</Filter>
    </ClInclude>
    <ClInclude Include="..\..\JustForFun\RBDOOM-3-BFG\neo\sys\sys_lobby_backend_direct.h">
      <Filter>sys</Filter>
    </ClInclude>
    <ClInclude Include="..\..\JustForFun\RBDOOM-3-BFG\neo\sys\sys_local.h">
      <Filter>sys</Filter>
    </ClInclude>
    <ClInclude Include="..\..\JustForFun\RBDOOM-3-BFG\neo\sys\sys_localuser.h">
      <Filter>sys</Filter>
    </ClInclude>
    <ClInclude Include="..\..\JustForFun\RBDOOM-3-BFG\neo\sys\sys_profile.h">
      <Filter>sys</Filter>
    </ClInclude>
    <ClInclude Include="..\..\JustForFun\RBDOOM-3-BFG\neo\sys\sys_public.h">
      <Filter>sys</Filter>
    </ClInclude>
    <ClInclude Include="..\..\JustForFun\RBDOOM-3-BFG\neo\sys\sys_savegame.h">
      <Filter>sys</Filter>
    </ClInclude>
    <ClInclude Include="..\..\JustForFun\RBDOOM-3-BFG\neo\sys\sys_session.h">
      <Filter>sys</Filter>
    </ClInclude>
    <ClInclude Include="..\..\JustForFun\RBDOOM-3-BFG\neo\sys\sys_session_local.h">
      <Filter>sys</Filter>
    </ClInclude>
    <ClInclude Include="..\..\JustForFun\RBDOOM-3-BFG\neo\sys\sys_session_savegames.h">
      <Filter>sys</Filter>
    </ClInclude>
    <ClInclude Include="..\..\JustForFun\RBDOOM-3-BFG\neo\sys\sys_signin.h">
      <Filter>sys</Filter>
    </ClInclude>
    <ClInclude Include="..\..\JustForFun\RBDOOM-3-BFG\neo\sys\sys_stats.h">
      <Filter>sys</Filter>
    </ClInclude>
    <ClInclude Include="..\..\JustForFun\RBDOOM-3-BFG\neo\sys\sys_stats_misc.h">
      <Filter>sys</Filter>
    </ClInclude>
    <ClInclude Include="..\..\JustForFun\RBDOOM-3-BFG\neo\sys\sys_voicechat.h">
      <Filter>sys</Filter>
    </ClInclude>
    <ClInclude Include="..\..\JustForFun\RBDOOM-3-BFG\neo\sys\win32\rc\doom_resource.h">
      <Filter>sys\win32</Filter>
    </ClInclude>
    <ClInclude Include="..\..\JustForFun\RBDOOM-3-BFG\neo\sys\win32\win_input.h">
      <Filter>sys\win32</Filter>
    </ClInclude>
    <ClInclude Include="..\..\JustForFun\RBDOOM-3-BFG\neo\sys\win32\win_local.h">
      <Filter>sys\win32</Filter>
    </ClInclude>
    <ClInclude Include="..\..\JustForFun\RBDOOM-3-BFG\neo\sys\win32\win_nanoafx.h">
      <Filter>sys\win32</Filter>
    </ClInclude>
  </ItemGroup>
  <ItemGroup>
    <None Include="..\..\JustForFun\RBDOOM-3-BFG\neo\sys\win32\rc\res\doom.ico">
      <Filter>sys\win32\Resources</Filter>
    </None>
  </ItemGroup>
  <ItemGroup>
    <ResourceCompile Include="..\..\JustForFun\RBDOOM-3-BFG\neo\sys\win32\rc\doom.rc">
      <Filter>sys\win32\Resources</Filter>
    </ResourceCompile>
  </ItemGroup>
  <ItemGroup>
    <Filter Include="aas">
      <UniqueIdentifier>{F2481378-DA14-39BF-956A-1E33A6719E7D}</UniqueIdentifier>
    </Filter>
    <Filter Include="framework">
      <UniqueIdentifier>{A1870368-7A22-38C9-B140-DAD8A8C4ABE1}</UniqueIdentifier>
    </Filter>
    <Filter Include="renderer">
      <UniqueIdentifier>{6E91F884-1060-35B7-A459-A0525701364E}</UniqueIdentifier>
    </Filter>
    <Filter Include="sound">
      <UniqueIdentifier>{B2BBCF6E-4C42-3ADC-A8B0-558592508E69}</UniqueIdentifier>
    </Filter>
    <Filter Include="ui">
      <UniqueIdentifier>{3002A831-FA50-3118-8966-A7A231EE887C}</UniqueIdentifier>
    </Filter>
    <Filter Include="swf">
      <UniqueIdentifier>{17498495-AAC5-3264-B2AE-BFFE2F962106}</UniqueIdentifier>
    </Filter>
    <Filter Include="sys">
      <UniqueIdentifier>{47575610-0DAB-31F7-9E85-725BF85C94B4}</UniqueIdentifier>
    </Filter>
    <Filter Include="tools">
      <UniqueIdentifier>{1E097F16-D74F-3504-9571-905C397E23E1}</UniqueIdentifier>
    </Filter>
    <Filter Include="sys\win32">
      <UniqueIdentifier>{020F5602-9EAB-3B38-BA6E-197948EECDC6}</UniqueIdentifier>
    </Filter>
    <Filter Include="sys\common">
      <UniqueIdentifier>{9D3A9DA4-0F3F-342B-A69B-E06D3DA9333A}</UniqueIdentifier>
    </Filter>
    <Filter Include="sys\win32\Resources">
      <UniqueIdentifier>{EE4974DB-BCD5-34D4-81C3-9FF0E045F3F5}</UniqueIdentifier>
    </Filter>
    <Filter Include="renderer\jobs\dynamicshadowvolume">
      <UniqueIdentifier>{7FA6D427-1BDA-36B2-BF5E-CBBBE5B4665F}</UniqueIdentifier>
    </Filter>
    <Filter Include="renderer\jobs\prelightshadowvolume">
      <UniqueIdentifier>{B9E3BD4A-EC74-3610-9FD8-751C758456CE}</UniqueIdentifier>
    </Filter>
    <Filter Include="renderer\jobs\staticshadowvolume">
      <UniqueIdentifier>{9C3BE96B-1525-3010-BE7B-FB89086A5ED8}</UniqueIdentifier>
    </Filter>
    <Filter Include="tools\compilers\aas">
      <UniqueIdentifier>{A78A1620-8EA0-31A5-9A8B-00733A6540B3}</UniqueIdentifier>
    </Filter>
    <Filter Include="tools\compilers\dmap">
      <UniqueIdentifier>{C42BB7CB-1A7E-3DE4-BD55-90FB88850A0C}</UniqueIdentifier>
    </Filter>
    <Filter Include="sound\XAudio2">
      <UniqueIdentifier>{99AECF91-73D3-3E90-B29E-14F543C81912}</UniqueIdentifier>
    </Filter>
    <Filter Include="renderer\Color">
      <UniqueIdentifier>{17800770-947C-3DCD-9206-631B7152DA61}</UniqueIdentifier>
    </Filter>
    <Filter Include="renderer\DXT">
      <UniqueIdentifier>{B816F16A-65AE-3DDD-9CD0-030991830FF3}</UniqueIdentifier>
    </Filter>
    <Filter Include="renderer\jobs">
      <UniqueIdentifier>{4DFBE1EF-D5DF-31B6-8751-E044B5CC3562}</UniqueIdentifier>
    </Filter>
    <Filter Include="renderer\OpenGL">
      <UniqueIdentifier>{BEF75884-2A8E-3661-9BB1-F6E7F68C26BA}</UniqueIdentifier>
    </Filter>
    <Filter Include="renderer\SMAA">
      <UniqueIdentifier>{92E607BD-C02E-3100-9212-F9265E54DBD1}</UniqueIdentifier>
    </Filter>
    <Filter Include="tools\compilers">
      <UniqueIdentifier>{FD583546-4B2C-3F53-9DF9-A496FA12E638}</UniqueIdentifier>
    </Filter>
    <Filter Include="collisionmodel">
      <UniqueIdentifier>{8ABFA8F6-22E0-3928-9C9B-9E6C6EBDC7D9}</UniqueIdentifier>
    </Filter>
  </ItemGroup>
</Project>