<?xml version="1.0" encoding="utf-8"?>
<Project ToolsVersion="4.0" xmlns="http://schemas.microsoft.com/developer/msbuild/2003">
  <ItemGroup>
    <Filter Include="Resource">
      <UniqueIdentifier>{de059801-146b-4304-912d-8ef0a39af139}</UniqueIdentifier>
    </Filter>
  </ItemGroup>
  <ItemGroup>
    <ClInclude Include="..\D3DUtil\resource.h">
      <Filter>Resource</Filter>
    </ClInclude>
    <ClInclude Include="DisplacementMap.h" />
  </ItemGroup>
  <ItemGroup>
    <ResourceCompile Include="..\D3DUtil\D3DUtil.rc">
      <Filter>Resource</Filter>
    </ResourceCompile>
  </ItemGroup>
  <ItemGroup>
    <Image Include="..\Resource\directx.ico">
      <Filter>Resource</Filter>
    </Image>
  </ItemGroup>
  <ItemGroup>
    <ClCompile Include="DisplacementMap.cpp" />
    <ClCompile Include="Main.cpp" />
  </ItemGroup>
</Project>