<?xml version="1.0" encoding="utf-8"?>
<Project ToolsVersion="4.0" xmlns="http://schemas.microsoft.com/developer/msbuild/2003">
  <ItemGroup>
    <Filter Include="Resource">
      <UniqueIdentifier>{0fc42ac0-f18d-429b-a5aa-0eab6f0bc874}</UniqueIdentifier>
    </Filter>
  </ItemGroup>
  <ItemGroup>
    <ClInclude Include="..\D3D11Basic\D3DUtil\resource.h">
      <Filter>Resource</Filter>
    </ClInclude>
    <ClInclude Include="NormalDisplacementMapping.h" />
  </ItemGroup>
  <ItemGroup>
    <ResourceCompile Include="..\D3D11Basic\D3DUtil\D3DUtil.rc">
      <Filter>Resource</Filter>
    </ResourceCompile>
  </ItemGroup>
  <ItemGroup>
    <Image Include="..\D3D11Basic\Resource\directx.ico">
      <Filter>Resource</Filter>
    </Image>
  </ItemGroup>
  <ItemGroup>
    <ClCompile Include="NormalDisplacementMapping.cpp" />
    <ClCompile Include="Main.cpp" />
  </ItemGroup>
</Project>