<?xml version="1.0" encoding="utf-8"?>
<Project ToolsVersion="4.0" xmlns="http://schemas.microsoft.com/developer/msbuild/2003">
  <ItemGroup>
    <Filter Include="Resource">
      <UniqueIdentifier>{28e5c34c-9356-4b73-bd55-c4fdd94d2949}</UniqueIdentifier>
    </Filter>
  </ItemGroup>
  <ItemGroup>
    <ClInclude Include="..\D3DCommon\resource.h">
      <Filter>Resource</Filter>
    </ClInclude>
    <ClInclude Include="AdaptiveTessellation.h" />
    <ClInclude Include="Tessellator.h" />
    <ClInclude Include="Scanner.h" />
  </ItemGroup>
  <ItemGroup>
    <ResourceCompile Include="..\D3DCommon\D3DCommon.rc">
      <Filter>Resource</Filter>
    </ResourceCompile>
  </ItemGroup>
  <ItemGroup>
    <Image Include="..\..\Application\Resource\directx.ico">
      <Filter>Resource</Filter>
    </Image>
  </ItemGroup>
  <ItemGroup>
    <ClCompile Include="AdaptiveTessellation.cpp" />
    <ClCompile Include="Main.cpp" />
    <ClCompile Include="Tessellator.cpp" />
    <ClCompile Include="Scanner.cpp" />
  </ItemGroup>
</Project>