<?xml version="1.0" encoding="utf-8"?>
<Project ToolsVersion="4.0" xmlns="http://schemas.microsoft.com/developer/msbuild/2003">
  <ItemGroup>
    <Filter Include="Resource">
      <UniqueIdentifier>{f0660c9b-dc71-4a18-b45c-699b91a93399}</UniqueIdentifier>
    </Filter>
  </ItemGroup>
  <ItemGroup>
    <ClInclude Include="..\System\resource.h">
      <Filter>Resource</Filter>
    </ClInclude>
    <ClInclude Include="..\Demo\Box\Box.h" />
  </ItemGroup>
  <ItemGroup>
    <ResourceCompile Include="..\System\Resource.rc">
      <Filter>Resource</Filter>
    </ResourceCompile>
  </ItemGroup>
  <ItemGroup>
    <Image Include="..\Application\Resource\directx.ico">
      <Filter>Resource</Filter>
    </Image>
  </ItemGroup>
  <ItemGroup>
    <ClCompile Include="..\Demo\Box\Box.cpp" />
    <ClCompile Include="..\Demo\Box\Main.cpp" />
  </ItemGroup>
</Project>