<?xml version="1.0" encoding="utf-8"?>
<Project ToolsVersion="4.0" xmlns="http://schemas.microsoft.com/developer/msbuild/2003">
  <ItemGroup>
    <ClCompile Include="..\Demo\DepthStencilTest\DepthStencilTest.cpp" />
    <ClCompile Include="..\Demo\DepthStencilTest\Main.cpp" />
  </ItemGroup>
  <ItemGroup>
    <ClInclude Include="..\Demo\DepthStencilTest\DepthStencilTest.h" />
    <ClInclude Include="..\System\resource.h">
      <Filter>Resource</Filter>
    </ClInclude>
  </ItemGroup>
  <ItemGroup>
    <Filter Include="Resource">
      <UniqueIdentifier>{993b6d92-38d3-4756-8dcb-d984058e333a}</UniqueIdentifier>
    </Filter>
  </ItemGroup>
  <ItemGroup>
    <ResourceCompile Include="..\System\Resource.rc">
      <Filter>Resource</Filter>
    </ResourceCompile>
  </ItemGroup>
  <ItemGroup>
    <Image Include="..\Application\Resource\directx.ico">
      <Filter>Resource</Filter>
    </Image>
  </ItemGroup>
</Project>