<?xml version="1.0" encoding="utf-8"?>
<Project ToolsVersion="4.0" xmlns="http://schemas.microsoft.com/developer/msbuild/2003">
  <ItemGroup>
    <ClInclude Include="..\Demo\LightingScene\LightingScene.h" />
    <ClInclude Include="..\System\resource.h">
      <Filter>Resource</Filter>
    </ClInclude>
  </ItemGroup>
  <ItemGroup>
    <ClCompile Include="..\Demo\LightingScene\LightingScene.cpp" />
    <ClCompile Include="..\Demo\LightingScene\Main.cpp" />
  </ItemGroup>
  <ItemGroup>
    <Filter Include="Resource">
      <UniqueIdentifier>{cf9f1791-c8a7-484f-863c-c4c44f7c47bb}</UniqueIdentifier>
    </Filter>
  </ItemGroup>
  <ItemGroup>
    <ResourceCompile Include="..\System\Resource.rc">
      <Filter>Resource</Filter>
    </ResourceCompile>
  </ItemGroup>
  <ItemGroup>
    <Image Include="..\Application\Resource\directx.ico">
      <Filter>Resource</Filter>
    </Image>
  </ItemGroup>
</Project>