<?xml version="1.0" encoding="utf-8"?>
<Project ToolsVersion="4.0" xmlns="http://schemas.microsoft.com/developer/msbuild/2003">
  <ItemGroup>
    <ClCompile Include="..\JustForFun\Mario\Engine.cpp" />
    <ClCompile Include="..\JustForFun\Mario\Image.cpp" />
    <ClCompile Include="..\JustForFun\Mario\Map.cpp" />
    <ClCompile Include="..\JustForFun\Mario\Object2D.cpp" />
    <ClCompile Include="..\JustForFun\Mario\Renderer.cpp" />
    <ClCompile Include="..\JustForFun\Mario\ObjectMario.cpp" />
    <ClCompile Include="..\JustForFun\Mario\Objects.cpp" />
  </ItemGroup>
  <ItemGroup>
    <ClInclude Include="..\JustForFun\Mario\Engine.h" />
    <ClInclude Include="..\JustForFun\Mario\Image.h" />
    <ClInclude Include="..\JustForFun\Mario\Map.h" />
    <ClInclude Include="..\JustForFun\Mario\Object2D.h" />
    <ClInclude Include="..\JustForFun\Mario\Renderer.h" />
    <ClInclude Include="..\JustForFun\Mario\ObjectMario.h" />
    <ClInclude Include="..\JustForFun\Mario\Objects.h" />
  </ItemGroup>
</Project>