<?xml version="1.0" encoding="utf-8"?>
<Project ToolsVersion="4.0" xmlns="http://schemas.microsoft.com/developer/msbuild/2003">
  <ItemGroup>
    <ClInclude Include="..\Vulkan\VulkanEngine.h" />
    <ClInclude Include="..\Vulkan\VulkanObject.h" />
    <ClInclude Include="..\Vulkan\VulkanTexture.h" />
    <ClInclude Include="..\Vulkan\VulkanShader.h" />
    <ClInclude Include="..\Vulkan\VulkanBuffer.h" />
    <ClInclude Include="..\Vulkan\VulkanView.h" />
  </ItemGroup>
  <ItemGroup>
    <ClCompile Include="..\Vulkan\VulkanEngine.cpp" />
    <ClCompile Include="..\Vulkan\VulkanObject.cpp" />
    <ClCompile Include="..\Vulkan\VulkanTexture.cpp" />
    <ClCompile Include="..\Vulkan\VulkanShader.cpp" />
    <ClCompile Include="..\Vulkan\VulkanBuffer.cpp" />
  </ItemGroup>
</Project>