<?xml version="1.0" encoding="utf-8"?>
<Project ToolsVersion="4.0" xmlns="http://schemas.microsoft.com/developer/msbuild/2003">
  <ItemGroup>
    <ClInclude Include="Common.h" />
    <ClInclude Include="RefCountPtr.h" />
    <ClInclude Include="D3DGraphic.h" />
    <ClInclude Include="IApplication.h" />
    <ClInclude Include="resource.h">
      <Filter>Resource</Filter>
    </ClInclude>
    <ClInclude Include="Timer.h" />
    <ClInclude Include="D3DMath.h" />
    <ClInclude Include="Camera.h" />
    <ClInclude Include="D3DModel.h" />
  </ItemGroup>
  <ItemGroup>
    <ClCompile Include="IApplication.cpp" />
    <ClCompile Include="D3DGraphic.cpp" />
    <ClCompile Include="Timer.cpp" />
    <ClCompile Include="D3DMath.cpp" />
    <ClCompile Include="D3DModel.cpp" />
  </ItemGroup>
  <ItemGroup>
    <Filter Include="Resource">
      <UniqueIdentifier>{e02ebe4f-c838-4bc5-b4a5-7cfe7b973db3}</UniqueIdentifier>
    </Filter>
  </ItemGroup>
  <ItemGroup>
    <ResourceCompile Include="D3DUtil.rc">
      <Filter>Resource</Filter>
    </ResourceCompile>
  </ItemGroup>
  <ItemGroup>
    <Image Include="..\Resource\directx.ico">
      <Filter>Resource</Filter>
    </Image>
  </ItemGroup>
</Project>